{
  "pins" : [
    {
      "identity" : "ffmpegkit",
      "kind" : "remoteSourceControl",
      "location" : "https://github.com/kingslay/FFmpegKit.git",
      "state" : {
        "revision" : "c32be9bfb628042737ad3ef622e930c5c7b15954",
        "version" : "6.1.4"
      }
    }
  ],
  "version" : 2
}
