{
  "pins" : [
    {
      "identity" : "ffmpegkit",
      "kind" : "remoteSourceControl",
      "location" : "https://github.com/kingslay/FFmpegKit.git",
      "state" : {
        "revision" : "a01f48a2240648213cbf037e77f58a3e81e7bbbc",
        "version" : "5.1.2"
      }
    }
  ],
  "version" : 2
}
