// !$*UTF8*$!
{
	archiveVersion = 1;
	classes = {
	};
	objectVersion = 52;
	objects = {

/* Begin PBXBuildFile section */
		AC77DFC326402329001351AE /* DemoApp.swift in Sources */ = {isa = PBXBuildFile; fileRef = AC77DFB026402327001351AE /* DemoApp.swift */; };
		AC77DFC526402329001351AE /* ContentView.swift in Sources */ = {isa = PBXBuildFile; fileRef = AC77DFB126402327001351AE /* ContentView.swift */; };
		AC77DFC726402329001351AE /* Assets.xcassets in Resources */ = {isa = PBXBuildFile; fileRef = AC77DFB226402329001351AE /* Assets.xcassets */; };
		AC84D8DE28ABBD0D00344154 /* vr.mp4 in Resources */ = {isa = PBXBuildFile; fileRef = AC84D8D728ABBD0D00344154 /* vr.mp4 */; };
		AC84D8E128ABBD0E00344154 /* subrip.mkv in Resources */ = {isa = PBXBuildFile; fileRef = AC84D8D828ABBD0D00344154 /* subrip.mkv */; };
		AC84D8E428ABBD0E00344154 /* dvd_subtitle.mkv in Resources */ = {isa = PBXBuildFile; fileRef = AC84D8D928ABBD0D00344154 /* dvd_subtitle.mkv */; };
		AC84D8E728ABBD0E00344154 /* h264.mp4 in Resources */ = {isa = PBXBuildFile; fileRef = AC84D8DA28ABBD0D00344154 /* h264.mp4 */; };
		AC84D8EA28ABBD0E00344154 /* mjpeg.flac in Resources */ = {isa = PBXBuildFile; fileRef = AC84D8DB28ABBD0D00344154 /* mjpeg.flac */; };
		AC84D8ED28ABBD0E00344154 /* hevc.mkv in Resources */ = {isa = PBXBuildFile; fileRef = AC84D8DC28ABBD0D00344154 /* hevc.mkv */; };
		AC84D8F028ABBD0E00344154 /* raw.h264 in Resources */ = {isa = PBXBuildFile; fileRef = AC84D8DD28ABBD0D00344154 /* raw.h264 */; };
		ACD2F772275F735C0006D16F /* KSPlayer in Frameworks */ = {isa = PBXBuildFile; productRef = ACD2F771275F735C0006D16F /* KSPlayer */; };
/* End PBXBuildFile section */

/* Begin PBXFileReference section */
		AC3CAD6228BB88A200AA1C2C /* AVDisplayCriteriaKS.h */ = {isa = PBXFileReference; fileEncoding = 4; lastKnownFileType = sourcecode.c.h; path = AVDisplayCriteriaKS.h; sourceTree = "<group>"; };
		AC3CAD6328BB893500AA1C2C /* Bridging-Header.h */ = {isa = PBXFileReference; lastKnownFileType = sourcecode.c.h; path = "Bridging-Header.h"; sourceTree = "<group>"; };
		AC77DFB026402327001351AE /* DemoApp.swift */ = {isa = PBXFileReference; lastKnownFileType = sourcecode.swift; path = DemoApp.swift; sourceTree = "<group>"; };
		AC77DFB126402327001351AE /* ContentView.swift */ = {isa = PBXFileReference; lastKnownFileType = sourcecode.swift; path = ContentView.swift; sourceTree = "<group>"; };
		AC77DFB226402329001351AE /* Assets.xcassets */ = {isa = PBXFileReference; lastKnownFileType = folder.assetcatalog; path = Assets.xcassets; sourceTree = "<group>"; };
		AC77DFB726402329001351AE /* TracyPlayer.app */ = {isa = PBXFileReference; explicitFileType = wrapper.application; includeInIndex = 0; path = TracyPlayer.app; sourceTree = BUILT_PRODUCTS_DIR; };
		AC84D8D728ABBD0D00344154 /* vr.mp4 */ = {isa = PBXFileReference; lastKnownFileType = file; path = vr.mp4; sourceTree = "<group>"; };
		AC84D8D828ABBD0D00344154 /* subrip.mkv */ = {isa = PBXFileReference; lastKnownFileType = file; path = subrip.mkv; sourceTree = "<group>"; };
		AC84D8D928ABBD0D00344154 /* dvd_subtitle.mkv */ = {isa = PBXFileReference; lastKnownFileType = file; path = dvd_subtitle.mkv; sourceTree = "<group>"; };
		AC84D8DA28ABBD0D00344154 /* h264.mp4 */ = {isa = PBXFileReference; lastKnownFileType = file; path = h264.mp4; sourceTree = "<group>"; };
		AC84D8DB28ABBD0D00344154 /* mjpeg.flac */ = {isa = PBXFileReference; lastKnownFileType = file; path = mjpeg.flac; sourceTree = "<group>"; };
		AC84D8DC28ABBD0D00344154 /* hevc.mkv */ = {isa = PBXFileReference; lastKnownFileType = file; path = hevc.mkv; sourceTree = "<group>"; };
		AC84D8DD28ABBD0D00344154 /* raw.h264 */ = {isa = PBXFileReference; lastKnownFileType = file; path = raw.h264; sourceTree = "<group>"; };
		ACADA07528EDC067001B76D1 /* TracyPlayer.entitlements */ = {isa = PBXFileReference; lastKnownFileType = text.plist.entitlements; path = TracyPlayer.entitlements; sourceTree = "<group>"; };
		ACD2F747275F6E860006D16F /* KSPlayer */ = {isa = PBXFileReference; lastKnownFileType = folder; name = KSPlayer; path = ../..; sourceTree = "<group>"; };
		ACE3619328EB689F00F234EB /* TracyPlayer-Info.plist */ = {isa = PBXFileReference; lastKnownFileType = text.plist; path = "TracyPlayer-Info.plist"; sourceTree = "<group>"; };
/* End PBXFileReference section */

/* Begin PBXFrameworksBuildPhase section */
		AC77DFB426402329001351AE /* Frameworks */ = {
			isa = PBXFrameworksBuildPhase;
			buildActionMask = 2147483647;
			files = (
				ACD2F772275F735C0006D16F /* KSPlayer in Frameworks */,
			);
			runOnlyForDeploymentPostprocessing = 0;
		};
/* End PBXFrameworksBuildPhase section */

/* Begin PBXGroup section */
		AC77DFAA26402327001351AE = {
			isa = PBXGroup;
			children = (
				ACADA07528EDC067001B76D1 /* TracyPlayer.entitlements */,
				ACE3619328EB689F00F234EB /* TracyPlayer-Info.plist */,
				ACD2F743275F6D7A0006D16F /* Packages */,
				AC77DFAF26402327001351AE /* Shared */,
				AC77DFB826402329001351AE /* Products */,
				ACD2F74C275F6EE60006D16F /* Frameworks */,
			);
			sourceTree = "<group>";
		};
		AC77DFAF26402327001351AE /* Shared */ = {
			isa = PBXGroup;
			children = (
				AC3CAD6228BB88A200AA1C2C /* AVDisplayCriteriaKS.h */,
				AC3CAD6328BB893500AA1C2C /* Bridging-Header.h */,
				AC77DFB026402327001351AE /* DemoApp.swift */,
				AC77DFB126402327001351AE /* ContentView.swift */,
				AC77DFB226402329001351AE /* Assets.xcassets */,
				ACD2F77F275F9BEE0006D16F /* Resources */,
			);
			path = Shared;
			sourceTree = "<group>";
		};
		AC77DFB826402329001351AE /* Products */ = {
			isa = PBXGroup;
			children = (
				AC77DFB726402329001351AE /* TracyPlayer.app */,
			);
			name = Products;
			sourceTree = "<group>";
		};
		ACD2F743275F6D7A0006D16F /* Packages */ = {
			isa = PBXGroup;
			children = (
				ACD2F747275F6E860006D16F /* KSPlayer */,
			);
			name = Packages;
			sourceTree = "<group>";
		};
		ACD2F74C275F6EE60006D16F /* Frameworks */ = {
			isa = PBXGroup;
			children = (
			);
			name = Frameworks;
			sourceTree = "<group>";
		};
		ACD2F77F275F9BEE0006D16F /* Resources */ = {
			isa = PBXGroup;
			children = (
				AC84D8D928ABBD0D00344154 /* dvd_subtitle.mkv */,
				AC84D8DA28ABBD0D00344154 /* h264.mp4 */,
				AC84D8DC28ABBD0D00344154 /* hevc.mkv */,
				AC84D8DB28ABBD0D00344154 /* mjpeg.flac */,
				AC84D8DD28ABBD0D00344154 /* raw.h264 */,
				AC84D8D828ABBD0D00344154 /* subrip.mkv */,
				AC84D8D728ABBD0D00344154 /* vr.mp4 */,
			);
			name = Resources;
			path = ../../../Tests/KSPlayerTests/Resources;
			sourceTree = "<group>";
		};
/* End PBXGroup section */

/* Begin PBXLegacyTarget section */
		AC611E1B2902A0DF00553022 /* FFmpegMake */ = {
			isa = PBXLegacyTarget;
			buildArgumentsString = "$(ACTION)";
			buildConfigurationList = AC611E1E2902A0DF00553022 /* Build configuration list for PBXLegacyTarget "FFmpegMake" */;
			buildPhases = (
			);
			buildToolPath = /usr/bin/make;
			buildWorkingDirectory = "$(SRCROOT)/../../Script/FFmpeg/macos/scratch/x86_64";
			dependencies = (
			);
			name = FFmpegMake;
			passBuildSettingsInEnvironment = 1;
			productName = FFmpegMake;
			productSettingsXML = "<?xml version=\"1.0\" encoding=\"UTF-8\"?>
<!DOCTYPE plist PUBLIC \"-//Apple//DTD PLIST 1.0//EN\" \"http://www.apple.com/DTDs/PropertyList-1.0.dtd\">
<plist version=\"1.0\">
<dict>
	<key>CFBundleDevelopmentRegion</key>
	<string>$(DEVELOPMENT_LANGUAGE)</string>
	<key>CFBundleExecutable</key>
	<string>$(EXECUTABLE_NAME)</string>
	<key>CFBundleIdentifier</key>
	<string>$(PRODUCT_BUNDLE_IDENTIFIER)</string>
	<key>CFBundleInfoDictionaryVersion</key>
	<string>6.0</string>
	<key>CFBundleName</key>
	<string>$(PRODUCT_NAME)</string>
	<key>CFBundlePackageType</key>
	<string>$(PRODUCT_BUNDLE_PACKAGE_TYPE)</string>
	<key>CFBundleShortVersionString</key>
	<string>$(MARKETING_VERSION)</string>
	<key>CFBundleVersion</key>
	<string>$(CURRENT_PROJECT_VERSION)</string>
</dict>
</plist>
";
		};
/* End PBXLegacyTarget section */

/* Begin PBXNativeTarget section */
		AC77DFB626402329001351AE /* TracyPlayer */ = {
			isa = PBXNativeTarget;
			buildConfigurationList = AC77DFCB26402329001351AE /* Build configuration list for PBXNativeTarget "TracyPlayer" */;
			buildPhases = (
				AC77DFB326402329001351AE /* Sources */,
				AC77DFB426402329001351AE /* Frameworks */,
				AC77DFB526402329001351AE /* Resources */,
			);
			buildRules = (
			);
			dependencies = (
			);
			name = TracyPlayer;
			packageProductDependencies = (
				ACD2F771275F735C0006D16F /* KSPlayer */,
			);
			productName = "demo-SPM (iOS)";
			productReference = AC77DFB726402329001351AE /* TracyPlayer.app */;
			productType = "com.apple.product-type.application";
		};
/* End PBXNativeTarget section */

/* Begin PBXProject section */
		AC77DFAB26402327001351AE /* Project object */ = {
			isa = PBXProject;
			attributes = {
				LastSwiftUpdateCheck = 1310;
				LastUpgradeCheck = 1400;
				TargetAttributes = {
					AC611E1B2902A0DF00553022 = {
						CreatedOnToolsVersion = 14.0.1;
					};
					AC77DFB626402329001351AE = {
						CreatedOnToolsVersion = 12.4;
					};
				};
			};
			buildConfigurationList = AC77DFAE26402327001351AE /* Build configuration list for PBXProject "SwiftUI" */;
			compatibilityVersion = "Xcode 9.3";
			developmentRegion = en;
			hasScannedForEncodings = 0;
			knownRegions = (
				en,
				Base,
			);
			mainGroup = AC77DFAA26402327001351AE;
			productRefGroup = AC77DFB826402329001351AE /* Products */;
			projectDirPath = "";
			projectRoot = "";
			targets = (
				AC77DFB626402329001351AE /* TracyPlayer */,
				AC611E1B2902A0DF00553022 /* FFmpegMake */,
			);
		};
/* End PBXProject section */

/* Begin PBXResourcesBuildPhase section */
		AC77DFB526402329001351AE /* Resources */ = {
			isa = PBXResourcesBuildPhase;
			buildActionMask = 2147483647;
			files = (
				AC84D8EA28ABBD0E00344154 /* mjpeg.flac in Resources */,
				AC84D8DE28ABBD0D00344154 /* vr.mp4 in Resources */,
				AC84D8E128ABBD0E00344154 /* subrip.mkv in Resources */,
				AC84D8ED28ABBD0E00344154 /* hevc.mkv in Resources */,
				AC77DFC726402329001351AE /* Assets.xcassets in Resources */,
				AC84D8E728ABBD0E00344154 /* h264.mp4 in Resources */,
				AC84D8F028ABBD0E00344154 /* raw.h264 in Resources */,
				AC84D8E428ABBD0E00344154 /* dvd_subtitle.mkv in Resources */,
			);
			runOnlyForDeploymentPostprocessing = 0;
		};
/* End PBXResourcesBuildPhase section */

/* Begin PBXSourcesBuildPhase section */
		AC77DFB326402329001351AE /* Sources */ = {
			isa = PBXSourcesBuildPhase;
			buildActionMask = 2147483647;
			files = (
				AC77DFC526402329001351AE /* ContentView.swift in Sources */,
				AC77DFC326402329001351AE /* DemoApp.swift in Sources */,
			);
			runOnlyForDeploymentPostprocessing = 0;
		};
/* End PBXSourcesBuildPhase section */

/* Begin XCBuildConfiguration section */
		AC611E1C2902A0DF00553022 /* Debug */ = {
			isa = XCBuildConfiguration;
			buildSettings = {
				CLANG_CXX_LANGUAGE_STANDARD = "gnu++20";
				CODE_SIGN_STYLE = Automatic;
				DEBUGGING_SYMBOLS = YES;
				DEBUG_INFORMATION_FORMAT = dwarf;
				GCC_GENERATE_DEBUGGING_SYMBOLS = YES;
				GCC_OPTIMIZATION_LEVEL = 0;
				OTHER_CFLAGS = "";
				OTHER_LDFLAGS = "";
				PRODUCT_NAME = "$(TARGET_NAME)";
			};
			name = Debug;
		};
		AC611E1D2902A0DF00553022 /* Release */ = {
			isa = XCBuildConfiguration;
			buildSettings = {
				CLANG_CXX_LANGUAGE_STANDARD = "gnu++20";
				CODE_SIGN_STYLE = Automatic;
				DEBUG_INFORMATION_FORMAT = "dwarf-with-dsym";
				OTHER_CFLAGS = "";
				OTHER_LDFLAGS = "";
				PRODUCT_NAME = "$(TARGET_NAME)";
			};
			name = Release;
		};
		AC77DFC926402329001351AE /* Debug */ = {
			isa = XCBuildConfiguration;
			buildSettings = {
				ALWAYS_SEARCH_USER_PATHS = NO;
				CLANG_ANALYZER_NONNULL = YES;
				CLANG_ANALYZER_NUMBER_OBJECT_CONVERSION = YES_AGGRESSIVE;
				CLANG_CXX_LANGUAGE_STANDARD = "gnu++14";
				CLANG_CXX_LIBRARY = "libc++";
				CLANG_ENABLE_MODULES = YES;
				CLANG_ENABLE_OBJC_ARC = YES;
				CLANG_ENABLE_OBJC_WEAK = YES;
				CLANG_WARN_BLOCK_CAPTURE_AUTORELEASING = YES;
				CLANG_WARN_BOOL_CONVERSION = YES;
				CLANG_WARN_COMMA = YES;
				CLANG_WARN_CONSTANT_CONVERSION = YES;
				CLANG_WARN_DEPRECATED_OBJC_IMPLEMENTATIONS = YES;
				CLANG_WARN_DIRECT_OBJC_ISA_USAGE = YES_ERROR;
				CLANG_WARN_DOCUMENTATION_COMMENTS = YES;
				CLANG_WARN_EMPTY_BODY = YES;
				CLANG_WARN_ENUM_CONVERSION = YES;
				CLANG_WARN_INFINITE_RECURSION = YES;
				CLANG_WARN_INT_CONVERSION = YES;
				CLANG_WARN_NON_LITERAL_NULL_CONVERSION = YES;
				CLANG_WARN_OBJC_IMPLICIT_RETAIN_SELF = YES;
				CLANG_WARN_OBJC_LITERAL_CONVERSION = YES;
				CLANG_WARN_OBJC_ROOT_CLASS = YES_ERROR;
				CLANG_WARN_QUOTED_INCLUDE_IN_FRAMEWORK_HEADER = YES;
				CLANG_WARN_RANGE_LOOP_ANALYSIS = YES;
				CLANG_WARN_STRICT_PROTOTYPES = YES;
				CLANG_WARN_SUSPICIOUS_MOVE = YES;
				CLANG_WARN_UNGUARDED_AVAILABILITY = YES_AGGRESSIVE;
				CLANG_WARN_UNREACHABLE_CODE = YES;
				CLANG_WARN__DUPLICATE_METHOD_MATCH = YES;
				COPY_PHASE_STRIP = NO;
				DEAD_CODE_STRIPPING = YES;
				DEBUG_INFORMATION_FORMAT = dwarf;
				ENABLE_STRICT_OBJC_MSGSEND = YES;
				ENABLE_TESTABILITY = YES;
				GCC_C_LANGUAGE_STANDARD = gnu11;
				GCC_DYNAMIC_NO_PIC = NO;
				GCC_NO_COMMON_BLOCKS = YES;
				GCC_OPTIMIZATION_LEVEL = 0;
				GCC_PREPROCESSOR_DEFINITIONS = (
					"DEBUG=1",
					"$(inherited)",
				);
				GCC_WARN_64_TO_32_BIT_CONVERSION = YES;
				GCC_WARN_ABOUT_RETURN_TYPE = YES_ERROR;
				GCC_WARN_UNDECLARED_SELECTOR = YES;
				GCC_WARN_UNINITIALIZED_AUTOS = YES_AGGRESSIVE;
				GCC_WARN_UNUSED_FUNCTION = YES;
				GCC_WARN_UNUSED_VARIABLE = YES;
				GENERATE_INFOPLIST_FILE = YES;
				IPHONEOS_DEPLOYMENT_TARGET = 15.0;
				MACOSX_DEPLOYMENT_TARGET = 12.0;
				MTL_ENABLE_DEBUG_INFO = INCLUDE_SOURCE;
				MTL_FAST_MATH = YES;
				ONLY_ACTIVE_ARCH = YES;
				PRODUCT_NAME = TracyPlayer;
				SWIFT_ACTIVE_COMPILATION_CONDITIONS = DEBUG;
				SWIFT_OPTIMIZATION_LEVEL = "-Onone";
				TVOS_DEPLOYMENT_TARGET = 15.0;
			};
			name = Debug;
		};
		AC77DFCA26402329001351AE /* Release */ = {
			isa = XCBuildConfiguration;
			buildSettings = {
				ALWAYS_SEARCH_USER_PATHS = NO;
				CLANG_ANALYZER_NONNULL = YES;
				CLANG_ANALYZER_NUMBER_OBJECT_CONVERSION = YES_AGGRESSIVE;
				CLANG_CXX_LANGUAGE_STANDARD = "gnu++14";
				CLANG_CXX_LIBRARY = "libc++";
				CLANG_ENABLE_MODULES = YES;
				CLANG_ENABLE_OBJC_ARC = YES;
				CLANG_ENABLE_OBJC_WEAK = YES;
				CLANG_WARN_BLOCK_CAPTURE_AUTORELEASING = YES;
				CLANG_WARN_BOOL_CONVERSION = YES;
				CLANG_WARN_COMMA = YES;
				CLANG_WARN_CONSTANT_CONVERSION = YES;
				CLANG_WARN_DEPRECATED_OBJC_IMPLEMENTATIONS = YES;
				CLANG_WARN_DIRECT_OBJC_ISA_USAGE = YES_ERROR;
				CLANG_WARN_DOCUMENTATION_COMMENTS = YES;
				CLANG_WARN_EMPTY_BODY = YES;
				CLANG_WARN_ENUM_CONVERSION = YES;
				CLANG_WARN_INFINITE_RECURSION = YES;
				CLANG_WARN_INT_CONVERSION = YES;
				CLANG_WARN_NON_LITERAL_NULL_CONVERSION = YES;
				CLANG_WARN_OBJC_IMPLICIT_RETAIN_SELF = YES;
				CLANG_WARN_OBJC_LITERAL_CONVERSION = YES;
				CLANG_WARN_OBJC_ROOT_CLASS = YES_ERROR;
				CLANG_WARN_QUOTED_INCLUDE_IN_FRAMEWORK_HEADER = YES;
				CLANG_WARN_RANGE_LOOP_ANALYSIS = YES;
				CLANG_WARN_STRICT_PROTOTYPES = YES;
				CLANG_WARN_SUSPICIOUS_MOVE = YES;
				CLANG_WARN_UNGUARDED_AVAILABILITY = YES_AGGRESSIVE;
				CLANG_WARN_UNREACHABLE_CODE = YES;
				CLANG_WARN__DUPLICATE_METHOD_MATCH = YES;
				COPY_PHASE_STRIP = NO;
				DEAD_CODE_STRIPPING = YES;
				DEBUG_INFORMATION_FORMAT = "dwarf-with-dsym";
				ENABLE_NS_ASSERTIONS = NO;
				ENABLE_STRICT_OBJC_MSGSEND = YES;
				GCC_C_LANGUAGE_STANDARD = gnu11;
				GCC_NO_COMMON_BLOCKS = YES;
				GCC_WARN_64_TO_32_BIT_CONVERSION = YES;
				GCC_WARN_ABOUT_RETURN_TYPE = YES_ERROR;
				GCC_WARN_UNDECLARED_SELECTOR = YES;
				GCC_WARN_UNINITIALIZED_AUTOS = YES_AGGRESSIVE;
				GCC_WARN_UNUSED_FUNCTION = YES;
				GCC_WARN_UNUSED_VARIABLE = YES;
				GENERATE_INFOPLIST_FILE = YES;
				IPHONEOS_DEPLOYMENT_TARGET = 15.0;
				MACOSX_DEPLOYMENT_TARGET = 12.0;
				MTL_ENABLE_DEBUG_INFO = NO;
				MTL_FAST_MATH = YES;
				PRODUCT_NAME = TracyPlayer;
				SWIFT_COMPILATION_MODE = wholemodule;
				SWIFT_OPTIMIZATION_LEVEL = "-O";
				TVOS_DEPLOYMENT_TARGET = 15.0;
			};
			name = Release;
		};
		AC77DFCC26402329001351AE /* Debug */ = {
			isa = XCBuildConfiguration;
			buildSettings = {
				ASSETCATALOG_COMPILER_APPICON_NAME = AppIcon;
				ASSETCATALOG_COMPILER_GLOBAL_ACCENT_COLOR_NAME = AccentColor;
				ASSETCATALOG_COMPILER_INCLUDE_ALL_APPICON_ASSETS = YES;
				CODE_SIGN_ENTITLEMENTS = TracyPlayer.entitlements;
				CODE_SIGN_IDENTITY = "Apple Development";
				"CODE_SIGN_IDENTITY[sdk=macosx*]" = "Apple Development";
				CODE_SIGN_STYLE = Automatic;
				CURRENT_PROJECT_VERSION = 10500;
				DEVELOPMENT_TEAM = 3RVHT92X9D;
				"ENABLE_HARDENED_RUNTIME[sdk=macosx*]" = YES;
				ENABLE_PREVIEWS = YES;
				INFOPLIST_FILE = "TracyPlayer-Info.plist";
				INFOPLIST_KEY_LSApplicationCategoryType = "public.app-category.video";
				INFOPLIST_KEY_UILaunchStoryboardName = " ";
				INFOPLIST_KEY_UIRequiresFullScreen = YES;
				INFOPLIST_KEY_UIStatusBarStyle = UIStatusBarStyleDarkContent;
				INFOPLIST_KEY_UISupportedInterfaceOrientations = "UIInterfaceOrientationLandscapeLeft UIInterfaceOrientationLandscapeRight UIInterfaceOrientationPortrait UIInterfaceOrientationPortraitUpsideDown";
				IPHONEOS_DEPLOYMENT_TARGET = 15.0;
				LD_RUNPATH_SEARCH_PATHS = (
					"$(inherited)",
					"@executable_path/Frameworks",
				);
				MARKETING_VERSION = 1.5.0;
				PRODUCT_BUNDLE_IDENTIFIER = "kintan.demo-SPM";
				PROVISIONING_PROFILE_SPECIFIER = "";
				"PROVISIONING_PROFILE_SPECIFIER[sdk=macosx*]" = "";
				SUPPORTED_PLATFORMS = "appletvos appletvsimulator iphoneos iphonesimulator macosx";
				SUPPORTS_MACCATALYST = YES;
				SUPPORTS_MAC_DESIGNED_FOR_IPHONE_IPAD = YES;
				SWIFT_OBJC_BRIDGING_HEADER = "Shared/Bridging-Header.h";
				SWIFT_VERSION = 5.0;
				TARGETED_DEVICE_FAMILY = "1,2,3,6";
			};
			name = Debug;
		};
		AC77DFCD26402329001351AE /* Release */ = {
			isa = XCBuildConfiguration;
			buildSettings = {
				ASSETCATALOG_COMPILER_APPICON_NAME = AppIcon;
				ASSETCATALOG_COMPILER_GLOBAL_ACCENT_COLOR_NAME = AccentColor;
				ASSETCATALOG_COMPILER_INCLUDE_ALL_APPICON_ASSETS = YES;
				CODE_SIGN_ENTITLEMENTS = TracyPlayer.entitlements;
				CODE_SIGN_IDENTITY = "Apple Development";
				"CODE_SIGN_IDENTITY[sdk=macosx*]" = "Apple Development";
				CODE_SIGN_STYLE = Automatic;
				CURRENT_PROJECT_VERSION = 10500;
				DEVELOPMENT_TEAM = 3RVHT92X9D;
				"ENABLE_HARDENED_RUNTIME[sdk=macosx*]" = YES;
				ENABLE_PREVIEWS = YES;
				INFOPLIST_FILE = "TracyPlayer-Info.plist";
				INFOPLIST_KEY_LSApplicationCategoryType = "public.app-category.video";
				INFOPLIST_KEY_UILaunchStoryboardName = " ";
				INFOPLIST_KEY_UIRequiresFullScreen = YES;
				INFOPLIST_KEY_UIStatusBarStyle = UIStatusBarStyleDarkContent;
				INFOPLIST_KEY_UISupportedInterfaceOrientations = "UIInterfaceOrientationLandscapeLeft UIInterfaceOrientationLandscapeRight UIInterfaceOrientationPortrait UIInterfaceOrientationPortraitUpsideDown";
				IPHONEOS_DEPLOYMENT_TARGET = 15.0;
				LD_RUNPATH_SEARCH_PATHS = (
					"$(inherited)",
					"@executable_path/Frameworks",
				);
				MARKETING_VERSION = 1.5.0;
				PRODUCT_BUNDLE_IDENTIFIER = "kintan.demo-SPM";
				PROVISIONING_PROFILE_SPECIFIER = "";
				"PROVISIONING_PROFILE_SPECIFIER[sdk=macosx*]" = "";
				SUPPORTED_PLATFORMS = "appletvos appletvsimulator iphoneos iphonesimulator macosx";
				SUPPORTS_MACCATALYST = YES;
				SUPPORTS_MAC_DESIGNED_FOR_IPHONE_IPAD = YES;
				SWIFT_OBJC_BRIDGING_HEADER = "Shared/Bridging-Header.h";
				SWIFT_VERSION = 5.0;
				TARGETED_DEVICE_FAMILY = "1,2,3,6";
				VALIDATE_PRODUCT = YES;
			};
			name = Release;
		};
/* End XCBuildConfiguration section */

/* Begin XCConfigurationList section */
		AC611E1E2902A0DF00553022 /* Build configuration list for PBXLegacyTarget "FFmpegMake" */ = {
			isa = XCConfigurationList;
			buildConfigurations = (
				AC611E1C2902A0DF00553022 /* Debug */,
				AC611E1D2902A0DF00553022 /* Release */,
			);
			defaultConfigurationIsVisible = 0;
			defaultConfigurationName = Release;
		};
		AC77DFAE26402327001351AE /* Build configuration list for PBXProject "SwiftUI" */ = {
			isa = XCConfigurationList;
			buildConfigurations = (
				AC77DFC926402329001351AE /* Debug */,
				AC77DFCA26402329001351AE /* Release */,
			);
			defaultConfigurationIsVisible = 0;
			defaultConfigurationName = Release;
		};
		AC77DFCB26402329001351AE /* Build configuration list for PBXNativeTarget "TracyPlayer" */ = {
			isa = XCConfigurationList;
			buildConfigurations = (
				AC77DFCC26402329001351AE /* Debug */,
				AC77DFCD26402329001351AE /* Release */,
			);
			defaultConfigurationIsVisible = 0;
			defaultConfigurationName = Release;
		};
/* End XCConfigurationList section */

/* Begin XCSwiftPackageProductDependency section */
		ACD2F771275F735C0006D16F /* KSPlayer */ = {
			isa = XCSwiftPackageProductDependency;
			productName = KSPlayer;
		};
/* End XCSwiftPackageProductDependency section */
	};
	rootObject = AC77DFAB26402327001351AE /* Project object */;
}
