// !$*UTF8*$!
{
   archiveVersion = "1";
   objectVersion = "46";
   objects = {
      "KSPlayer1::AVPlayer" = {
         isa = "PBXNativeTarget";
         buildConfigurationList = "OBJ_110";
         buildPhases = (
            "OBJ_113",
            "OBJ_116"
         );
         dependencies = (
            "OBJ_119",
            "OBJ_121"
         );
         name = "AVPlayer";
         productName = "AVPlayer";
         productReference = "KSPlayer1::AVPlayer::Product";
         productType = "com.apple.product-type.framework";
      };
      "KSPlayer1::AVPlayer::Product" = {
         isa = "PBXFileReference";
         path = "AVPlayer.framework";
         sourceTree = "BUILT_PRODUCTS_DIR";
      };
      "KSPlayer1::Audio" = {
         isa = "PBXNativeTarget";
         buildConfigurationList = "OBJ_124";
         buildPhases = (
            "OBJ_127",
            "OBJ_129"
         );
         dependencies = (
            "OBJ_135",
            "OBJ_137",
            "OBJ_139",
            "OBJ_140",
            "OBJ_141"
         );
         name = "Audio";
         productName = "Audio";
         productReference = "KSPlayer1::Audio::Product";
         productType = "com.apple.product-type.framework";
      };
      "KSPlayer1::Audio::Product" = {
         isa = "PBXFileReference";
         path = "Audio.framework";
         sourceTree = "BUILT_PRODUCTS_DIR";
      };
      "KSPlayer1::Basic" = {
         isa = "PBXNativeTarget";
         buildConfigurationList = "OBJ_142";
         buildPhases = (
            "OBJ_145",
            "OBJ_147"
         );
         dependencies = (
            "OBJ_149"
         );
         name = "Basic";
         productName = "Basic";
         productReference = "KSPlayer1::Basic::Product";
         productType = "com.apple.product-type.framework";
      };
      "KSPlayer1::Basic::Product" = {
         isa = "PBXFileReference";
         path = "Basic.framework";
         sourceTree = "BUILT_PRODUCTS_DIR";
      };
      "KSPlayer1::Core" = {
         isa = "PBXNativeTarget";
         buildConfigurationList = "OBJ_150";
         buildPhases = (
            "OBJ_153",
            "OBJ_158"
         );
         dependencies = (
            "OBJ_162",
            "OBJ_163",
            "OBJ_164"
         );
         name = "Core";
         productName = "Core";
         productReference = "KSPlayer1::Core::Product";
         productType = "com.apple.product-type.framework";
      };
      "KSPlayer1::Core::Product" = {
         isa = "PBXFileReference";
         path = "Core.framework";
         sourceTree = "BUILT_PRODUCTS_DIR";
      };
      "KSPlayer1::FFmpeg" = {
         isa = "PBXNativeTarget";
         buildConfigurationList = "OBJ_166";
         buildPhases = (
            "OBJ_169",
            "OBJ_171"
         );
         dependencies = (
         );
         name = "FFmpeg";
         productName = "FFmpeg";
         productReference = "KSPlayer1::FFmpeg::Product";
         productType = "com.apple.product-type.framework";
      };
      "KSPlayer1::FFmpeg::Product" = {
         isa = "PBXFileReference";
         path = "FFmpeg.framework";
         sourceTree = "BUILT_PRODUCTS_DIR";
      };
      "KSPlayer1::KSPlayer1PackageTests::ProductTarget" = {
         isa = "PBXAggregateTarget";
         buildConfigurationList = "OBJ_185";
         buildPhases = (
         );
         dependencies = (
            "OBJ_188"
         );
         name = "KSPlayer1PackageTests";
         productName = "KSPlayer1PackageTests";
      };
      "KSPlayer1::KSPlayer::ProductTarget" = {
         isa = "PBXAggregateTarget";
         buildConfigurationList = "OBJ_173";
         buildPhases = (
         );
         dependencies = (
            "OBJ_176"
         );
         name = "KSPlayer";
         productName = "KSPlayer";
      };
      "KSPlayer1::KSPlayerTests" = {
         isa = "PBXNativeTarget";
         buildConfigurationList = "OBJ_190";
         buildPhases = (
            "OBJ_193",
            "OBJ_203"
         );
         dependencies = (
            "OBJ_211",
            "OBJ_212",
            "OBJ_214",
            "OBJ_215",
            "OBJ_216",
            "OBJ_217",
            "OBJ_218"
         );
         name = "KSPlayerTests";
         productName = "KSPlayerTests";
         productReference = "KSPlayer1::KSPlayerTests::Product";
         productType = "com.apple.product-type.bundle.unit-test";
      };
      "KSPlayer1::KSPlayerTests::Product" = {
         isa = "PBXFileReference";
         path = "KSPlayerTests.xctest";
         sourceTree = "BUILT_PRODUCTS_DIR";
      };
      "KSPlayer1::MEPlayer" = {
         isa = "PBXNativeTarget";
         buildConfigurationList = "OBJ_220";
         buildPhases = (
            "OBJ_223",
            "OBJ_244"
         );
         dependencies = (
            "OBJ_251",
            "OBJ_252",
            "OBJ_254",
            "OBJ_255",
            "OBJ_256",
            "OBJ_257"
         );
         name = "MEPlayer";
         productName = "MEPlayer";
         productReference = "KSPlayer1::MEPlayer::Product";
         productType = "com.apple.product-type.framework";
      };
      "KSPlayer1::MEPlayer::Product" = {
         isa = "PBXFileReference";
         path = "MEPlayer.framework";
         sourceTree = "BUILT_PRODUCTS_DIR";
      };
      "KSPlayer1::Metal" = {
         isa = "PBXNativeTarget";
         buildConfigurationList = "OBJ_258";
         buildPhases = (
            "OBJ_261",
            "OBJ_263"
         );
         dependencies = (
         );
         name = "Metal";
         productName = "Metal";
         productReference = "KSPlayer1::Metal::Product";
         productType = "com.apple.product-type.framework";
      };
      "KSPlayer1::Metal::Product" = {
         isa = "PBXFileReference";
         path = "Metal.framework";
         sourceTree = "BUILT_PRODUCTS_DIR";
      };
      "KSPlayer1::Panorama" = {
         isa = "PBXNativeTarget";
         buildConfigurationList = "OBJ_265";
         buildPhases = (
            "OBJ_268",
            "OBJ_275"
         );
         dependencies = (
            "OBJ_279",
            "OBJ_280",
            "OBJ_281"
         );
         name = "Panorama";
         productName = "Panorama";
         productReference = "KSPlayer1::Panorama::Product";
         productType = "com.apple.product-type.framework";
      };
      "KSPlayer1::Panorama::Product" = {
         isa = "PBXFileReference";
         path = "Panorama.framework";
         sourceTree = "BUILT_PRODUCTS_DIR";
      };
      "KSPlayer1::Subtitle" = {
         isa = "PBXNativeTarget";
         buildConfigurationList = "OBJ_282";
         buildPhases = (
            "OBJ_285",
            "OBJ_288"
         );
         dependencies = (
            "OBJ_292",
            "OBJ_293",
            "OBJ_294"
         );
         name = "Subtitle";
         productName = "Subtitle";
         productReference = "KSPlayer1::Subtitle::Product";
         productType = "com.apple.product-type.framework";
      };
      "KSPlayer1::Subtitle::Product" = {
         isa = "PBXFileReference";
         path = "Subtitle.framework";
         sourceTree = "BUILT_PRODUCTS_DIR";
      };
      "KSPlayer1::SubtitleCore" = {
         isa = "PBXNativeTarget";
         buildConfigurationList = "OBJ_295";
         buildPhases = (
            "OBJ_298",
            "OBJ_302"
         );
         dependencies = (
         );
         name = "SubtitleCore";
         productName = "SubtitleCore";
         productReference = "KSPlayer1::SubtitleCore::Product";
         productType = "com.apple.product-type.framework";
      };
      "KSPlayer1::SubtitleCore::Product" = {
         isa = "PBXFileReference";
         path = "SubtitleCore.framework";
         sourceTree = "BUILT_PRODUCTS_DIR";
      };
      "KSPlayer1::SwiftPMPackageDescription" = {
         isa = "PBXNativeTarget";
         buildConfigurationList = "OBJ_179";
         buildPhases = (
            "OBJ_182"
         );
         dependencies = (
         );
         name = "KSPlayer1PackageDescription";
         productName = "KSPlayer1PackageDescription";
         productType = "com.apple.product-type.framework";
      };
      "KSPlayer1::UXKit" = {
         isa = "PBXNativeTarget";
         buildConfigurationList = "OBJ_303";
         buildPhases = (
            "OBJ_306",
            "OBJ_309"
         );
         dependencies = (
         );
         name = "UXKit";
         productName = "UXKit";
         productReference = "KSPlayer1::UXKit::Product";
         productType = "com.apple.product-type.framework";
      };
      "KSPlayer1::UXKit::Product" = {
         isa = "PBXFileReference";
         path = "UXKit.framework";
         sourceTree = "BUILT_PRODUCTS_DIR";
      };
      "KSPlayer1::VRPlayer" = {
         isa = "PBXNativeTarget";
         buildConfigurationList = "OBJ_311";
         buildPhases = (
            "OBJ_314",
            "OBJ_317"
         );
         dependencies = (
            "OBJ_326",
            "OBJ_327",
            "OBJ_328",
            "OBJ_329",
            "OBJ_330",
            "OBJ_331",
            "OBJ_332",
            "OBJ_333"
         );
         name = "VRPlayer";
         productName = "VRPlayer";
         productReference = "KSPlayer1::VRPlayer::Product";
         productType = "com.apple.product-type.framework";
      };
      "KSPlayer1::VRPlayer::Product" = {
         isa = "PBXFileReference";
         path = "VRPlayer.framework";
         sourceTree = "BUILT_PRODUCTS_DIR";
      };
      "KSPlayer1::Video" = {
         isa = "PBXNativeTarget";
         buildConfigurationList = "OBJ_334";
         buildPhases = (
            "OBJ_337",
            "OBJ_341"
         );
         dependencies = (
            "OBJ_348",
            "OBJ_349",
            "OBJ_350",
            "OBJ_351",
            "OBJ_352",
            "OBJ_353"
         );
         name = "Video";
         productName = "Video";
         productReference = "KSPlayer1::Video::Product";
         productType = "com.apple.product-type.framework";
      };
      "KSPlayer1::Video::Product" = {
         isa = "PBXFileReference";
         path = "Video.framework";
         sourceTree = "BUILT_PRODUCTS_DIR";
      };
      "OBJ_1" = {
         isa = "PBXProject";
         attributes = {
            LastSwiftMigration = "9999";
            LastUpgradeCheck = "9999";
         };
         buildConfigurationList = "OBJ_2";
         compatibilityVersion = "Xcode 3.2";
         developmentRegion = "English";
         hasScannedForEncodings = "0";
         knownRegions = (
            "en"
         );
         mainGroup = "OBJ_5";
         productRefGroup = "OBJ_86";
         projectDirPath = ".";
         targets = (
            "KSPlayer1::AVPlayer",
            "KSPlayer1::Audio",
            "KSPlayer1::Basic",
            "KSPlayer1::Core",
            "KSPlayer1::FFmpeg",
            "KSPlayer1::KSPlayer::ProductTarget",
            "KSPlayer1::SwiftPMPackageDescription",
            "KSPlayer1::KSPlayer1PackageTests::ProductTarget",
            "KSPlayer1::KSPlayerTests",
            "KSPlayer1::MEPlayer",
            "KSPlayer1::Metal",
            "KSPlayer1::Panorama",
            "KSPlayer1::Subtitle",
            "KSPlayer1::SubtitleCore",
            "KSPlayer1::UXKit",
            "KSPlayer1::VRPlayer",
            "KSPlayer1::Video"
         );
      };
      "OBJ_10" = {
         isa = "PBXFileReference";
         path = "PlayerDefines.swift";
         sourceTree = "<group>";
      };
      "OBJ_101" = {
         isa = "PBXFileReference";
         path = "Demo";
         sourceTree = "SOURCE_ROOT";
      };
      "OBJ_102" = {
         isa = "PBXFileReference";
         path = "FFmpeg";
         sourceTree = "SOURCE_ROOT";
      };
      "OBJ_103" = {
         isa = "PBXFileReference";
         path = "documents";
         sourceTree = "SOURCE_ROOT";
      };
      "OBJ_104" = {
         isa = "PBXFileReference";
         path = "LICENSE";
         sourceTree = "<group>";
      };
      "OBJ_105" = {
         isa = "PBXFileReference";
         path = "COPYING.LGPLv2.1";
         sourceTree = "<group>";
      };
      "OBJ_106" = {
         isa = "PBXFileReference";
         path = "Openssl.podspec";
         sourceTree = "<group>";
      };
      "OBJ_107" = {
         isa = "PBXFileReference";
         path = "README.md";
         sourceTree = "<group>";
      };
      "OBJ_108" = {
         isa = "PBXFileReference";
         path = "KSPlayer.podspec";
         sourceTree = "<group>";
      };
      "OBJ_11" = {
         isa = "PBXGroup";
         children = (
            "OBJ_12"
         );
         name = "Audio";
         path = "Sources/Audio";
         sourceTree = "SOURCE_ROOT";
      };
      "OBJ_110" = {
         isa = "XCConfigurationList";
         buildConfigurations = (
            "OBJ_111",
            "OBJ_112"
         );
         defaultConfigurationIsVisible = "0";
         defaultConfigurationName = "Release";
      };
      "OBJ_111" = {
         isa = "XCBuildConfiguration";
         buildSettings = {
            ENABLE_TESTABILITY = "YES";
            FRAMEWORK_SEARCH_PATHS = (
               "$(inherited)",
               "$(PLATFORM_DIR)/Developer/Library/Frameworks"
            );
            HEADER_SEARCH_PATHS = (
               "$(inherited)"
            );
            INFOPLIST_FILE = "KSPlayer1.xcodeproj/AVPlayer_Info.plist";
            IPHONEOS_DEPLOYMENT_TARGET = "9.0";
            LD_RUNPATH_SEARCH_PATHS = (
               "$(inherited)",
               "$(TOOLCHAIN_DIR)/usr/lib/swift/macosx"
            );
            MACOSX_DEPLOYMENT_TARGET = "10.11";
            OTHER_CFLAGS = (
               "$(inherited)"
            );
            OTHER_LDFLAGS = (
               "$(inherited)"
            );
            OTHER_SWIFT_FLAGS = (
               "$(inherited)"
            );
            PRODUCT_BUNDLE_IDENTIFIER = "AVPlayer";
            PRODUCT_MODULE_NAME = "$(TARGET_NAME:c99extidentifier)";
            PRODUCT_NAME = "$(TARGET_NAME:c99extidentifier)";
            SKIP_INSTALL = "YES";
            SWIFT_ACTIVE_COMPILATION_CONDITIONS = (
               "$(inherited)"
            );
            SWIFT_VERSION = "5.0";
            TARGET_NAME = "AVPlayer";
            TVOS_DEPLOYMENT_TARGET = "10.2";
            WATCHOS_DEPLOYMENT_TARGET = "2.0";
         };
         name = "Debug";
      };
      "OBJ_112" = {
         isa = "XCBuildConfiguration";
         buildSettings = {
            ENABLE_TESTABILITY = "YES";
            FRAMEWORK_SEARCH_PATHS = (
               "$(inherited)",
               "$(PLATFORM_DIR)/Developer/Library/Frameworks"
            );
            HEADER_SEARCH_PATHS = (
               "$(inherited)"
            );
            INFOPLIST_FILE = "KSPlayer1.xcodeproj/AVPlayer_Info.plist";
            IPHONEOS_DEPLOYMENT_TARGET = "9.0";
            LD_RUNPATH_SEARCH_PATHS = (
               "$(inherited)",
               "$(TOOLCHAIN_DIR)/usr/lib/swift/macosx"
            );
            MACOSX_DEPLOYMENT_TARGET = "10.11";
            OTHER_CFLAGS = (
               "$(inherited)"
            );
            OTHER_LDFLAGS = (
               "$(inherited)"
            );
            OTHER_SWIFT_FLAGS = (
               "$(inherited)"
            );
            PRODUCT_BUNDLE_IDENTIFIER = "AVPlayer";
            PRODUCT_MODULE_NAME = "$(TARGET_NAME:c99extidentifier)";
            PRODUCT_NAME = "$(TARGET_NAME:c99extidentifier)";
            SKIP_INSTALL = "YES";
            SWIFT_ACTIVE_COMPILATION_CONDITIONS = (
               "$(inherited)"
            );
            SWIFT_VERSION = "5.0";
            TARGET_NAME = "AVPlayer";
            TVOS_DEPLOYMENT_TARGET = "10.2";
            WATCHOS_DEPLOYMENT_TARGET = "2.0";
         };
         name = "Release";
      };
      "OBJ_113" = {
         isa = "PBXSourcesBuildPhase";
         files = (
            "OBJ_114",
            "OBJ_115"
         );
      };
      "OBJ_114" = {
         isa = "PBXBuildFile";
         fileRef = "OBJ_9";
      };
      "OBJ_115" = {
         isa = "PBXBuildFile";
         fileRef = "OBJ_10";
      };
      "OBJ_116" = {
         isa = "PBXFrameworksBuildPhase";
         files = (
            "OBJ_117",
            "OBJ_118"
         );
      };
      "OBJ_117" = {
         isa = "PBXBuildFile";
         fileRef = "KSPlayer1::Basic::Product";
      };
      "OBJ_118" = {
         isa = "PBXBuildFile";
         fileRef = "KSPlayer1::UXKit::Product";
      };
      "OBJ_119" = {
         isa = "PBXTargetDependency";
         target = "KSPlayer1::Basic";
      };
      "OBJ_12" = {
         isa = "PBXFileReference";
         path = "AudioPlayerView.swift";
         sourceTree = "<group>";
      };
      "OBJ_121" = {
         isa = "PBXTargetDependency";
         target = "KSPlayer1::UXKit";
      };
      "OBJ_124" = {
         isa = "XCConfigurationList";
         buildConfigurations = (
            "OBJ_125",
            "OBJ_126"
         );
         defaultConfigurationIsVisible = "0";
         defaultConfigurationName = "Release";
      };
      "OBJ_125" = {
         isa = "XCBuildConfiguration";
         buildSettings = {
            ENABLE_TESTABILITY = "YES";
            FRAMEWORK_SEARCH_PATHS = (
               "$(inherited)",
               "$(PLATFORM_DIR)/Developer/Library/Frameworks"
            );
            HEADER_SEARCH_PATHS = (
               "$(inherited)"
            );
            INFOPLIST_FILE = "KSPlayer1.xcodeproj/Audio_Info.plist";
            IPHONEOS_DEPLOYMENT_TARGET = "9.0";
            LD_RUNPATH_SEARCH_PATHS = (
               "$(inherited)",
               "$(TOOLCHAIN_DIR)/usr/lib/swift/macosx"
            );
            MACOSX_DEPLOYMENT_TARGET = "10.11";
            OTHER_CFLAGS = (
               "$(inherited)"
            );
            OTHER_LDFLAGS = (
               "$(inherited)"
            );
            OTHER_SWIFT_FLAGS = (
               "$(inherited)"
            );
            PRODUCT_BUNDLE_IDENTIFIER = "Audio";
            PRODUCT_MODULE_NAME = "$(TARGET_NAME:c99extidentifier)";
            PRODUCT_NAME = "$(TARGET_NAME:c99extidentifier)";
            SKIP_INSTALL = "YES";
            SWIFT_ACTIVE_COMPILATION_CONDITIONS = (
               "$(inherited)"
            );
            SWIFT_VERSION = "5.0";
            TARGET_NAME = "Audio";
            TVOS_DEPLOYMENT_TARGET = "10.2";
            WATCHOS_DEPLOYMENT_TARGET = "2.0";
         };
         name = "Debug";
      };
      "OBJ_126" = {
         isa = "XCBuildConfiguration";
         buildSettings = {
            ENABLE_TESTABILITY = "YES";
            FRAMEWORK_SEARCH_PATHS = (
               "$(inherited)",
               "$(PLATFORM_DIR)/Developer/Library/Frameworks"
            );
            HEADER_SEARCH_PATHS = (
               "$(inherited)"
            );
            INFOPLIST_FILE = "KSPlayer1.xcodeproj/Audio_Info.plist";
            IPHONEOS_DEPLOYMENT_TARGET = "9.0";
            LD_RUNPATH_SEARCH_PATHS = (
               "$(inherited)",
               "$(TOOLCHAIN_DIR)/usr/lib/swift/macosx"
            );
            MACOSX_DEPLOYMENT_TARGET = "10.11";
            OTHER_CFLAGS = (
               "$(inherited)"
            );
            OTHER_LDFLAGS = (
               "$(inherited)"
            );
            OTHER_SWIFT_FLAGS = (
               "$(inherited)"
            );
            PRODUCT_BUNDLE_IDENTIFIER = "Audio";
            PRODUCT_MODULE_NAME = "$(TARGET_NAME:c99extidentifier)";
            PRODUCT_NAME = "$(TARGET_NAME:c99extidentifier)";
            SKIP_INSTALL = "YES";
            SWIFT_ACTIVE_COMPILATION_CONDITIONS = (
               "$(inherited)"
            );
            SWIFT_VERSION = "5.0";
            TARGET_NAME = "Audio";
            TVOS_DEPLOYMENT_TARGET = "10.2";
            WATCHOS_DEPLOYMENT_TARGET = "2.0";
         };
         name = "Release";
      };
      "OBJ_127" = {
         isa = "PBXSourcesBuildPhase";
         files = (
            "OBJ_128"
         );
      };
      "OBJ_128" = {
         isa = "PBXBuildFile";
         fileRef = "OBJ_12";
      };
      "OBJ_129" = {
         isa = "PBXFrameworksBuildPhase";
         files = (
            "OBJ_130",
            "OBJ_131",
            "OBJ_132",
            "OBJ_133",
            "OBJ_134"
         );
      };
      "OBJ_13" = {
         isa = "PBXGroup";
         children = (
            "OBJ_14"
         );
         name = "Basic";
         path = "Sources/Basic";
         sourceTree = "SOURCE_ROOT";
      };
      "OBJ_130" = {
         isa = "PBXBuildFile";
         fileRef = "KSPlayer1::SubtitleCore::Product";
      };
      "OBJ_131" = {
         isa = "PBXBuildFile";
         fileRef = "KSPlayer1::Core::Product";
      };
      "OBJ_132" = {
         isa = "PBXBuildFile";
         fileRef = "KSPlayer1::AVPlayer::Product";
      };
      "OBJ_133" = {
         isa = "PBXBuildFile";
         fileRef = "KSPlayer1::Basic::Product";
      };
      "OBJ_134" = {
         isa = "PBXBuildFile";
         fileRef = "KSPlayer1::UXKit::Product";
      };
      "OBJ_135" = {
         isa = "PBXTargetDependency";
         target = "KSPlayer1::SubtitleCore";
      };
      "OBJ_137" = {
         isa = "PBXTargetDependency";
         target = "KSPlayer1::Core";
      };
      "OBJ_139" = {
         isa = "PBXTargetDependency";
         target = "KSPlayer1::AVPlayer";
      };
      "OBJ_14" = {
         isa = "PBXFileReference";
         path = "Utility.swift";
         sourceTree = "<group>";
      };
      "OBJ_140" = {
         isa = "PBXTargetDependency";
         target = "KSPlayer1::Basic";
      };
      "OBJ_141" = {
         isa = "PBXTargetDependency";
         target = "KSPlayer1::UXKit";
      };
      "OBJ_142" = {
         isa = "XCConfigurationList";
         buildConfigurations = (
            "OBJ_143",
            "OBJ_144"
         );
         defaultConfigurationIsVisible = "0";
         defaultConfigurationName = "Release";
      };
      "OBJ_143" = {
         isa = "XCBuildConfiguration";
         buildSettings = {
            ENABLE_TESTABILITY = "YES";
            FRAMEWORK_SEARCH_PATHS = (
               "$(inherited)",
               "$(PLATFORM_DIR)/Developer/Library/Frameworks"
            );
            HEADER_SEARCH_PATHS = (
               "$(inherited)"
            );
            INFOPLIST_FILE = "KSPlayer1.xcodeproj/Basic_Info.plist";
            IPHONEOS_DEPLOYMENT_TARGET = "9.0";
            LD_RUNPATH_SEARCH_PATHS = (
               "$(inherited)",
               "$(TOOLCHAIN_DIR)/usr/lib/swift/macosx"
            );
            MACOSX_DEPLOYMENT_TARGET = "10.11";
            OTHER_CFLAGS = (
               "$(inherited)"
            );
            OTHER_LDFLAGS = (
               "$(inherited)"
            );
            OTHER_SWIFT_FLAGS = (
               "$(inherited)"
            );
            PRODUCT_BUNDLE_IDENTIFIER = "Basic";
            PRODUCT_MODULE_NAME = "$(TARGET_NAME:c99extidentifier)";
            PRODUCT_NAME = "$(TARGET_NAME:c99extidentifier)";
            SKIP_INSTALL = "YES";
            SWIFT_ACTIVE_COMPILATION_CONDITIONS = (
               "$(inherited)"
            );
            SWIFT_VERSION = "5.0";
            TARGET_NAME = "Basic";
            TVOS_DEPLOYMENT_TARGET = "10.2";
            WATCHOS_DEPLOYMENT_TARGET = "2.0";
         };
         name = "Debug";
      };
      "OBJ_144" = {
         isa = "XCBuildConfiguration";
         buildSettings = {
            ENABLE_TESTABILITY = "YES";
            FRAMEWORK_SEARCH_PATHS = (
               "$(inherited)",
               "$(PLATFORM_DIR)/Developer/Library/Frameworks"
            );
            HEADER_SEARCH_PATHS = (
               "$(inherited)"
            );
            INFOPLIST_FILE = "KSPlayer1.xcodeproj/Basic_Info.plist";
            IPHONEOS_DEPLOYMENT_TARGET = "9.0";
            LD_RUNPATH_SEARCH_PATHS = (
               "$(inherited)",
               "$(TOOLCHAIN_DIR)/usr/lib/swift/macosx"
            );
            MACOSX_DEPLOYMENT_TARGET = "10.11";
            OTHER_CFLAGS = (
               "$(inherited)"
            );
            OTHER_LDFLAGS = (
               "$(inherited)"
            );
            OTHER_SWIFT_FLAGS = (
               "$(inherited)"
            );
            PRODUCT_BUNDLE_IDENTIFIER = "Basic";
            PRODUCT_MODULE_NAME = "$(TARGET_NAME:c99extidentifier)";
            PRODUCT_NAME = "$(TARGET_NAME:c99extidentifier)";
            SKIP_INSTALL = "YES";
            SWIFT_ACTIVE_COMPILATION_CONDITIONS = (
               "$(inherited)"
            );
            SWIFT_VERSION = "5.0";
            TARGET_NAME = "Basic";
            TVOS_DEPLOYMENT_TARGET = "10.2";
            WATCHOS_DEPLOYMENT_TARGET = "2.0";
         };
         name = "Release";
      };
      "OBJ_145" = {
         isa = "PBXSourcesBuildPhase";
         files = (
            "OBJ_146"
         );
      };
      "OBJ_146" = {
         isa = "PBXBuildFile";
         fileRef = "OBJ_14";
      };
      "OBJ_147" = {
         isa = "PBXFrameworksBuildPhase";
         files = (
            "OBJ_148"
         );
      };
      "OBJ_148" = {
         isa = "PBXBuildFile";
         fileRef = "KSPlayer1::UXKit::Product";
      };
      "OBJ_149" = {
         isa = "PBXTargetDependency";
         target = "KSPlayer1::UXKit";
      };
      "OBJ_15" = {
         isa = "PBXGroup";
         children = (
            "OBJ_16",
            "OBJ_17",
            "OBJ_18",
            "OBJ_19"
         );
         name = "Core";
         path = "Sources/Core";
         sourceTree = "SOURCE_ROOT";
      };
      "OBJ_150" = {
         isa = "XCConfigurationList";
         buildConfigurations = (
            "OBJ_151",
            "OBJ_152"
         );
         defaultConfigurationIsVisible = "0";
         defaultConfigurationName = "Release";
      };
      "OBJ_151" = {
         isa = "XCBuildConfiguration";
         buildSettings = {
            ENABLE_TESTABILITY = "YES";
            FRAMEWORK_SEARCH_PATHS = (
               "$(inherited)",
               "$(PLATFORM_DIR)/Developer/Library/Frameworks"
            );
            HEADER_SEARCH_PATHS = (
               "$(inherited)"
            );
            INFOPLIST_FILE = "KSPlayer1.xcodeproj/Core_Info.plist";
            IPHONEOS_DEPLOYMENT_TARGET = "9.0";
            LD_RUNPATH_SEARCH_PATHS = (
               "$(inherited)",
               "$(TOOLCHAIN_DIR)/usr/lib/swift/macosx"
            );
            MACOSX_DEPLOYMENT_TARGET = "10.11";
            OTHER_CFLAGS = (
               "$(inherited)"
            );
            OTHER_LDFLAGS = (
               "$(inherited)"
            );
            OTHER_SWIFT_FLAGS = (
               "$(inherited)"
            );
            PRODUCT_BUNDLE_IDENTIFIER = "Core";
            PRODUCT_MODULE_NAME = "$(TARGET_NAME:c99extidentifier)";
            PRODUCT_NAME = "$(TARGET_NAME:c99extidentifier)";
            SKIP_INSTALL = "YES";
            SWIFT_ACTIVE_COMPILATION_CONDITIONS = (
               "$(inherited)"
            );
            SWIFT_VERSION = "5.0";
            TARGET_NAME = "Core";
            TVOS_DEPLOYMENT_TARGET = "10.2";
            WATCHOS_DEPLOYMENT_TARGET = "2.0";
         };
         name = "Debug";
      };
      "OBJ_152" = {
         isa = "XCBuildConfiguration";
         buildSettings = {
            ENABLE_TESTABILITY = "YES";
            FRAMEWORK_SEARCH_PATHS = (
               "$(inherited)",
               "$(PLATFORM_DIR)/Developer/Library/Frameworks"
            );
            HEADER_SEARCH_PATHS = (
               "$(inherited)"
            );
            INFOPLIST_FILE = "KSPlayer1.xcodeproj/Core_Info.plist";
            IPHONEOS_DEPLOYMENT_TARGET = "9.0";
            LD_RUNPATH_SEARCH_PATHS = (
               "$(inherited)",
               "$(TOOLCHAIN_DIR)/usr/lib/swift/macosx"
            );
            MACOSX_DEPLOYMENT_TARGET = "10.11";
            OTHER_CFLAGS = (
               "$(inherited)"
            );
            OTHER_LDFLAGS = (
               "$(inherited)"
            );
            OTHER_SWIFT_FLAGS = (
               "$(inherited)"
            );
            PRODUCT_BUNDLE_IDENTIFIER = "Core";
            PRODUCT_MODULE_NAME = "$(TARGET_NAME:c99extidentifier)";
            PRODUCT_NAME = "$(TARGET_NAME:c99extidentifier)";
            SKIP_INSTALL = "YES";
            SWIFT_ACTIVE_COMPILATION_CONDITIONS = (
               "$(inherited)"
            );
            SWIFT_VERSION = "5.0";
            TARGET_NAME = "Core";
            TVOS_DEPLOYMENT_TARGET = "10.2";
            WATCHOS_DEPLOYMENT_TARGET = "2.0";
         };
         name = "Release";
      };
      "OBJ_153" = {
         isa = "PBXSourcesBuildPhase";
         files = (
            "OBJ_154",
            "OBJ_155",
            "OBJ_156",
            "OBJ_157"
         );
      };
      "OBJ_154" = {
         isa = "PBXBuildFile";
         fileRef = "OBJ_16";
      };
      "OBJ_155" = {
         isa = "PBXBuildFile";
         fileRef = "OBJ_17";
      };
      "OBJ_156" = {
         isa = "PBXBuildFile";
         fileRef = "OBJ_18";
      };
      "OBJ_157" = {
         isa = "PBXBuildFile";
         fileRef = "OBJ_19";
      };
      "OBJ_158" = {
         isa = "PBXFrameworksBuildPhase";
         files = (
            "OBJ_159",
            "OBJ_160",
            "OBJ_161"
         );
      };
      "OBJ_159" = {
         isa = "PBXBuildFile";
         fileRef = "KSPlayer1::AVPlayer::Product";
      };
      "OBJ_16" = {
         isa = "PBXFileReference";
         path = "KSPlayerItem.swift";
         sourceTree = "<group>";
      };
      "OBJ_160" = {
         isa = "PBXBuildFile";
         fileRef = "KSPlayer1::Basic::Product";
      };
      "OBJ_161" = {
         isa = "PBXBuildFile";
         fileRef = "KSPlayer1::UXKit::Product";
      };
      "OBJ_162" = {
         isa = "PBXTargetDependency";
         target = "KSPlayer1::AVPlayer";
      };
      "OBJ_163" = {
         isa = "PBXTargetDependency";
         target = "KSPlayer1::Basic";
      };
      "OBJ_164" = {
         isa = "PBXTargetDependency";
         target = "KSPlayer1::UXKit";
      };
      "OBJ_166" = {
         isa = "XCConfigurationList";
         buildConfigurations = (
            "OBJ_167",
            "OBJ_168"
         );
         defaultConfigurationIsVisible = "0";
         defaultConfigurationName = "Release";
      };
      "OBJ_167" = {
         isa = "XCBuildConfiguration";
         buildSettings = {
            ENABLE_TESTABILITY = "YES";
            FRAMEWORK_SEARCH_PATHS = (
               "$(inherited)",
               "$(PLATFORM_DIR)/Developer/Library/Frameworks"
            );
            HEADER_SEARCH_PATHS = (
               "$(inherited)",
               "$(SRCROOT)/Sources/FFmpeg/include"
            );
            INFOPLIST_FILE = "KSPlayer1.xcodeproj/FFmpeg_Info.plist";
            IPHONEOS_DEPLOYMENT_TARGET = "9.0";
            LD_RUNPATH_SEARCH_PATHS = (
               "$(inherited)",
               "$(TOOLCHAIN_DIR)/usr/lib/swift/macosx"
            );
            MACOSX_DEPLOYMENT_TARGET = "10.11";
            OTHER_CFLAGS = (
               "$(inherited)"
            );
            OTHER_LDFLAGS = (
               "$(inherited)"
            );
            OTHER_SWIFT_FLAGS = (
               "$(inherited)"
            );
            PRODUCT_BUNDLE_IDENTIFIER = "FFmpeg";
            PRODUCT_MODULE_NAME = "$(TARGET_NAME:c99extidentifier)";
            PRODUCT_NAME = "$(TARGET_NAME:c99extidentifier)";
            SKIP_INSTALL = "YES";
            SWIFT_ACTIVE_COMPILATION_CONDITIONS = (
               "$(inherited)"
            );
            TARGET_NAME = "FFmpeg";
            TVOS_DEPLOYMENT_TARGET = "10.2";
            WATCHOS_DEPLOYMENT_TARGET = "2.0";
         };
         name = "Debug";
      };
      "OBJ_168" = {
         isa = "XCBuildConfiguration";
         buildSettings = {
            ENABLE_TESTABILITY = "YES";
            FRAMEWORK_SEARCH_PATHS = (
               "$(inherited)",
               "$(PLATFORM_DIR)/Developer/Library/Frameworks"
            );
            HEADER_SEARCH_PATHS = (
               "$(inherited)",
               "$(SRCROOT)/Sources/FFmpeg/include"
            );
            INFOPLIST_FILE = "KSPlayer1.xcodeproj/FFmpeg_Info.plist";
            IPHONEOS_DEPLOYMENT_TARGET = "9.0";
            LD_RUNPATH_SEARCH_PATHS = (
               "$(inherited)",
               "$(TOOLCHAIN_DIR)/usr/lib/swift/macosx"
            );
            MACOSX_DEPLOYMENT_TARGET = "10.11";
            OTHER_CFLAGS = (
               "$(inherited)"
            );
            OTHER_LDFLAGS = (
               "$(inherited)"
            );
            OTHER_SWIFT_FLAGS = (
               "$(inherited)"
            );
            PRODUCT_BUNDLE_IDENTIFIER = "FFmpeg";
            PRODUCT_MODULE_NAME = "$(TARGET_NAME:c99extidentifier)";
            PRODUCT_NAME = "$(TARGET_NAME:c99extidentifier)";
            SKIP_INSTALL = "YES";
            SWIFT_ACTIVE_COMPILATION_CONDITIONS = (
               "$(inherited)"
            );
            TARGET_NAME = "FFmpeg";
            TVOS_DEPLOYMENT_TARGET = "10.2";
            WATCHOS_DEPLOYMENT_TARGET = "2.0";
         };
         name = "Release";
      };
      "OBJ_169" = {
         isa = "PBXSourcesBuildPhase";
         files = (
            "OBJ_170"
         );
      };
      "OBJ_17" = {
         isa = "PBXFileReference";
         path = "KSPlayerLayer.swift";
         sourceTree = "<group>";
      };
      "OBJ_170" = {
         isa = "PBXBuildFile";
         fileRef = "OBJ_22";
      };
      "OBJ_171" = {
         isa = "PBXFrameworksBuildPhase";
         files = (
         );
      };
      "OBJ_173" = {
         isa = "XCConfigurationList";
         buildConfigurations = (
            "OBJ_174",
            "OBJ_175"
         );
         defaultConfigurationIsVisible = "0";
         defaultConfigurationName = "Release";
      };
      "OBJ_174" = {
         isa = "XCBuildConfiguration";
         buildSettings = {
         };
         name = "Debug";
      };
      "OBJ_175" = {
         isa = "XCBuildConfiguration";
         buildSettings = {
         };
         name = "Release";
      };
      "OBJ_176" = {
         isa = "PBXTargetDependency";
         target = "KSPlayer1::Video";
      };
      "OBJ_179" = {
         isa = "XCConfigurationList";
         buildConfigurations = (
            "OBJ_180",
            "OBJ_181"
         );
         defaultConfigurationIsVisible = "0";
         defaultConfigurationName = "Release";
      };
      "OBJ_18" = {
         isa = "PBXFileReference";
         path = "PlayerToolBar.swift";
         sourceTree = "<group>";
      };
      "OBJ_180" = {
         isa = "XCBuildConfiguration";
         buildSettings = {
            LD = "/usr/bin/true";
            OTHER_SWIFT_FLAGS = (
               "-swift-version",
               "5",
               "-I",
               "$(TOOLCHAIN_DIR)/usr/lib/swift/pm/4_2",
               "-target",
               "x86_64-apple-macosx10.10",
               "-sdk",
               "/Applications/Xcode.app/Contents/Developer/Platforms/MacOSX.platform/Developer/SDKs/MacOSX10.14.sdk"
            );
            SWIFT_VERSION = "5.0";
         };
         name = "Debug";
      };
      "OBJ_181" = {
         isa = "XCBuildConfiguration";
         buildSettings = {
            LD = "/usr/bin/true";
            OTHER_SWIFT_FLAGS = (
               "-swift-version",
               "5",
               "-I",
               "$(TOOLCHAIN_DIR)/usr/lib/swift/pm/4_2",
               "-target",
               "x86_64-apple-macosx10.10",
               "-sdk",
               "/Applications/Xcode.app/Contents/Developer/Platforms/MacOSX.platform/Developer/SDKs/MacOSX10.14.sdk"
            );
            SWIFT_VERSION = "5.0";
         };
         name = "Release";
      };
      "OBJ_182" = {
         isa = "PBXSourcesBuildPhase";
         files = (
            "OBJ_183"
         );
      };
      "OBJ_183" = {
         isa = "PBXBuildFile";
         fileRef = "OBJ_6";
      };
      "OBJ_185" = {
         isa = "XCConfigurationList";
         buildConfigurations = (
            "OBJ_186",
            "OBJ_187"
         );
         defaultConfigurationIsVisible = "0";
         defaultConfigurationName = "Release";
      };
      "OBJ_186" = {
         isa = "XCBuildConfiguration";
         buildSettings = {
         };
         name = "Debug";
      };
      "OBJ_187" = {
         isa = "XCBuildConfiguration";
         buildSettings = {
         };
         name = "Release";
      };
      "OBJ_188" = {
         isa = "PBXTargetDependency";
         target = "KSPlayer1::KSPlayerTests";
      };
      "OBJ_19" = {
         isa = "PBXFileReference";
         path = "PlayerView.swift";
         sourceTree = "<group>";
      };
      "OBJ_190" = {
         isa = "XCConfigurationList";
         buildConfigurations = (
            "OBJ_191",
            "OBJ_192"
         );
         defaultConfigurationIsVisible = "0";
         defaultConfigurationName = "Release";
      };
      "OBJ_191" = {
         isa = "XCBuildConfiguration";
         buildSettings = {
            CLANG_ENABLE_MODULES = "YES";
            EMBEDDED_CONTENT_CONTAINS_SWIFT = "YES";
            FRAMEWORK_SEARCH_PATHS = (
               "$(inherited)",
               "$(PLATFORM_DIR)/Developer/Library/Frameworks"
            );
            HEADER_SEARCH_PATHS = (
               "$(inherited)"
            );
            INFOPLIST_FILE = "KSPlayer1.xcodeproj/KSPlayerTests_Info.plist";
            IPHONEOS_DEPLOYMENT_TARGET = "9.0";
            LD_RUNPATH_SEARCH_PATHS = (
               "$(inherited)",
               "@loader_path/../Frameworks",
               "@loader_path/Frameworks"
            );
            MACOSX_DEPLOYMENT_TARGET = "10.11";
            OTHER_CFLAGS = (
               "$(inherited)"
            );
            OTHER_LDFLAGS = (
               "$(inherited)"
            );
            OTHER_SWIFT_FLAGS = (
               "$(inherited)"
            );
            SWIFT_ACTIVE_COMPILATION_CONDITIONS = (
               "$(inherited)"
            );
            SWIFT_VERSION = "5.0";
            TARGET_NAME = "KSPlayerTests";
            TVOS_DEPLOYMENT_TARGET = "10.2";
            WATCHOS_DEPLOYMENT_TARGET = "2.0";
         };
         name = "Debug";
      };
      "OBJ_192" = {
         isa = "XCBuildConfiguration";
         buildSettings = {
            CLANG_ENABLE_MODULES = "YES";
            EMBEDDED_CONTENT_CONTAINS_SWIFT = "YES";
            FRAMEWORK_SEARCH_PATHS = (
               "$(inherited)",
               "$(PLATFORM_DIR)/Developer/Library/Frameworks"
            );
            HEADER_SEARCH_PATHS = (
               "$(inherited)"
            );
            INFOPLIST_FILE = "KSPlayer1.xcodeproj/KSPlayerTests_Info.plist";
            IPHONEOS_DEPLOYMENT_TARGET = "9.0";
            LD_RUNPATH_SEARCH_PATHS = (
               "$(inherited)",
               "@loader_path/../Frameworks",
               "@loader_path/Frameworks"
            );
            MACOSX_DEPLOYMENT_TARGET = "10.11";
            OTHER_CFLAGS = (
               "$(inherited)"
            );
            OTHER_LDFLAGS = (
               "$(inherited)"
            );
            OTHER_SWIFT_FLAGS = (
               "$(inherited)"
            );
            SWIFT_ACTIVE_COMPILATION_CONDITIONS = (
               "$(inherited)"
            );
            SWIFT_VERSION = "5.0";
            TARGET_NAME = "KSPlayerTests";
            TVOS_DEPLOYMENT_TARGET = "10.2";
            WATCHOS_DEPLOYMENT_TARGET = "2.0";
         };
         name = "Release";
      };
      "OBJ_193" = {
         isa = "PBXSourcesBuildPhase";
         files = (
            "OBJ_194",
            "OBJ_195",
            "OBJ_196",
            "OBJ_197",
            "OBJ_198",
            "OBJ_199",
            "OBJ_200",
            "OBJ_201",
            "OBJ_202"
         );
      };
      "OBJ_194" = {
         isa = "PBXBuildFile";
         fileRef = "OBJ_77";
      };
      "OBJ_195" = {
         isa = "PBXBuildFile";
         fileRef = "OBJ_78";
      };
      "OBJ_196" = {
         isa = "PBXBuildFile";
         fileRef = "OBJ_79";
      };
      "OBJ_197" = {
         isa = "PBXBuildFile";
         fileRef = "OBJ_80";
      };
      "OBJ_198" = {
         isa = "PBXBuildFile";
         fileRef = "OBJ_81";
      };
      "OBJ_199" = {
         isa = "PBXBuildFile";
         fileRef = "OBJ_82";
      };
      "OBJ_2" = {
         isa = "XCConfigurationList";
         buildConfigurations = (
            "OBJ_3",
            "OBJ_4"
         );
         defaultConfigurationIsVisible = "0";
         defaultConfigurationName = "Release";
      };
      "OBJ_20" = {
         isa = "PBXGroup";
         children = (
            "OBJ_21",
            "OBJ_22"
         );
         name = "FFmpeg";
         path = "Sources/FFmpeg";
         sourceTree = "SOURCE_ROOT";
      };
      "OBJ_200" = {
         isa = "PBXBuildFile";
         fileRef = "OBJ_83";
      };
      "OBJ_201" = {
         isa = "PBXBuildFile";
         fileRef = "OBJ_84";
      };
      "OBJ_202" = {
         isa = "PBXBuildFile";
         fileRef = "OBJ_85";
      };
      "OBJ_203" = {
         isa = "PBXFrameworksBuildPhase";
         files = (
            "OBJ_204",
            "OBJ_205",
            "OBJ_206",
            "OBJ_207",
            "OBJ_208",
            "OBJ_209",
            "OBJ_210"
         );
      };
      "OBJ_204" = {
         isa = "PBXBuildFile";
         fileRef = "KSPlayer1::Video::Product";
      };
      "OBJ_205" = {
         isa = "PBXBuildFile";
         fileRef = "KSPlayer1::Subtitle::Product";
      };
      "OBJ_206" = {
         isa = "PBXBuildFile";
         fileRef = "KSPlayer1::SubtitleCore::Product";
      };
      "OBJ_207" = {
         isa = "PBXBuildFile";
         fileRef = "KSPlayer1::Core::Product";
      };
      "OBJ_208" = {
         isa = "PBXBuildFile";
         fileRef = "KSPlayer1::AVPlayer::Product";
      };
      "OBJ_209" = {
         isa = "PBXBuildFile";
         fileRef = "KSPlayer1::Basic::Product";
      };
      "OBJ_21" = {
         isa = "PBXFileReference";
         path = "FFmpeg.h";
         sourceTree = "<group>";
      };
      "OBJ_210" = {
         isa = "PBXBuildFile";
         fileRef = "KSPlayer1::UXKit::Product";
      };
      "OBJ_211" = {
         isa = "PBXTargetDependency";
         target = "KSPlayer1::Video";
      };
      "OBJ_212" = {
         isa = "PBXTargetDependency";
         target = "KSPlayer1::Subtitle";
      };
      "OBJ_214" = {
         isa = "PBXTargetDependency";
         target = "KSPlayer1::SubtitleCore";
      };
      "OBJ_215" = {
         isa = "PBXTargetDependency";
         target = "KSPlayer1::Core";
      };
      "OBJ_216" = {
         isa = "PBXTargetDependency";
         target = "KSPlayer1::AVPlayer";
      };
      "OBJ_217" = {
         isa = "PBXTargetDependency";
         target = "KSPlayer1::Basic";
      };
      "OBJ_218" = {
         isa = "PBXTargetDependency";
         target = "KSPlayer1::UXKit";
      };
      "OBJ_22" = {
         isa = "PBXFileReference";
         path = "FFmpeg.c";
         sourceTree = "<group>";
      };
      "OBJ_220" = {
         isa = "XCConfigurationList";
         buildConfigurations = (
            "OBJ_221",
            "OBJ_222"
         );
         defaultConfigurationIsVisible = "0";
         defaultConfigurationName = "Release";
      };
      "OBJ_221" = {
         isa = "XCBuildConfiguration";
         buildSettings = {
            ENABLE_TESTABILITY = "YES";
            FRAMEWORK_SEARCH_PATHS = (
               "$(inherited)",
               "$(PLATFORM_DIR)/Developer/Library/Frameworks"
            );
            HEADER_SEARCH_PATHS = (
               "$(inherited)",
               "$(SRCROOT)/Sources/FFmpeg/include"
            );
            INFOPLIST_FILE = "KSPlayer1.xcodeproj/MEPlayer_Info.plist";
            IPHONEOS_DEPLOYMENT_TARGET = "9.0";
            LD_RUNPATH_SEARCH_PATHS = (
               "$(inherited)",
               "$(TOOLCHAIN_DIR)/usr/lib/swift/macosx"
            );
            MACOSX_DEPLOYMENT_TARGET = "10.11";
            OTHER_CFLAGS = (
               "$(inherited)"
            );
            OTHER_LDFLAGS = (
               "$(inherited)"
            );
            OTHER_SWIFT_FLAGS = (
               "$(inherited)"
            );
            PRODUCT_BUNDLE_IDENTIFIER = "MEPlayer";
            PRODUCT_MODULE_NAME = "$(TARGET_NAME:c99extidentifier)";
            PRODUCT_NAME = "$(TARGET_NAME:c99extidentifier)";
            SKIP_INSTALL = "YES";
            SWIFT_ACTIVE_COMPILATION_CONDITIONS = (
               "$(inherited)"
            );
            SWIFT_VERSION = "5.0";
            TARGET_NAME = "MEPlayer";
            TVOS_DEPLOYMENT_TARGET = "10.2";
            WATCHOS_DEPLOYMENT_TARGET = "2.0";
         };
         name = "Debug";
      };
      "OBJ_222" = {
         isa = "XCBuildConfiguration";
         buildSettings = {
            ENABLE_TESTABILITY = "YES";
            FRAMEWORK_SEARCH_PATHS = (
               "$(inherited)",
               "$(PLATFORM_DIR)/Developer/Library/Frameworks"
            );
            HEADER_SEARCH_PATHS = (
               "$(inherited)",
               "$(SRCROOT)/Sources/FFmpeg/include"
            );
            INFOPLIST_FILE = "KSPlayer1.xcodeproj/MEPlayer_Info.plist";
            IPHONEOS_DEPLOYMENT_TARGET = "9.0";
            LD_RUNPATH_SEARCH_PATHS = (
               "$(inherited)",
               "$(TOOLCHAIN_DIR)/usr/lib/swift/macosx"
            );
            MACOSX_DEPLOYMENT_TARGET = "10.11";
            OTHER_CFLAGS = (
               "$(inherited)"
            );
            OTHER_LDFLAGS = (
               "$(inherited)"
            );
            OTHER_SWIFT_FLAGS = (
               "$(inherited)"
            );
            PRODUCT_BUNDLE_IDENTIFIER = "MEPlayer";
            PRODUCT_MODULE_NAME = "$(TARGET_NAME:c99extidentifier)";
            PRODUCT_NAME = "$(TARGET_NAME:c99extidentifier)";
            SKIP_INSTALL = "YES";
            SWIFT_ACTIVE_COMPILATION_CONDITIONS = (
               "$(inherited)"
            );
            SWIFT_VERSION = "5.0";
            TARGET_NAME = "MEPlayer";
            TVOS_DEPLOYMENT_TARGET = "10.2";
            WATCHOS_DEPLOYMENT_TARGET = "2.0";
         };
         name = "Release";
      };
      "OBJ_223" = {
         isa = "PBXSourcesBuildPhase";
         files = (
            "OBJ_224",
            "OBJ_225",
            "OBJ_226",
            "OBJ_227",
            "OBJ_228",
            "OBJ_229",
            "OBJ_230",
            "OBJ_231",
            "OBJ_232",
            "OBJ_233",
            "OBJ_234",
            "OBJ_235",
            "OBJ_236",
            "OBJ_237",
            "OBJ_238",
            "OBJ_239",
            "OBJ_240",
            "OBJ_241",
            "OBJ_242",
            "OBJ_243"
         );
      };
      "OBJ_224" = {
         isa = "PBXBuildFile";
         fileRef = "OBJ_27";
      };
      "OBJ_225" = {
         isa = "PBXBuildFile";
         fileRef = "OBJ_28";
      };
      "OBJ_226" = {
         isa = "PBXBuildFile";
         fileRef = "OBJ_29";
      };
      "OBJ_227" = {
         isa = "PBXBuildFile";
         fileRef = "OBJ_30";
      };
      "OBJ_228" = {
         isa = "PBXBuildFile";
         fileRef = "OBJ_31";
      };
      "OBJ_229" = {
         isa = "PBXBuildFile";
         fileRef = "OBJ_32";
      };
      "OBJ_23" = {
         isa = "PBXGroup";
         children = (
            "OBJ_24",
            "OBJ_25",
            "OBJ_26",
            "OBJ_27",
            "OBJ_28",
            "OBJ_29",
            "OBJ_30",
            "OBJ_31",
            "OBJ_32",
            "OBJ_33",
            "OBJ_34",
            "OBJ_35",
            "OBJ_36",
            "OBJ_37",
            "OBJ_38",
            "OBJ_39",
            "OBJ_40",
            "OBJ_41",
            "OBJ_42",
            "OBJ_43",
            "OBJ_44",
            "OBJ_45",
            "OBJ_46"
         );
         name = "MEPlayer";
         path = "Sources/MEPlayer";
         sourceTree = "SOURCE_ROOT";
      };
      "OBJ_230" = {
         isa = "PBXBuildFile";
         fileRef = "OBJ_33";
      };
      "OBJ_231" = {
         isa = "PBXBuildFile";
         fileRef = "OBJ_34";
      };
      "OBJ_232" = {
         isa = "PBXBuildFile";
         fileRef = "OBJ_35";
      };
      "OBJ_233" = {
         isa = "PBXBuildFile";
         fileRef = "OBJ_36";
      };
      "OBJ_234" = {
         isa = "PBXBuildFile";
         fileRef = "OBJ_37";
      };
      "OBJ_235" = {
         isa = "PBXBuildFile";
         fileRef = "OBJ_38";
      };
      "OBJ_236" = {
         isa = "PBXBuildFile";
         fileRef = "OBJ_39";
      };
      "OBJ_237" = {
         isa = "PBXBuildFile";
         fileRef = "OBJ_40";
      };
      "OBJ_238" = {
         isa = "PBXBuildFile";
         fileRef = "OBJ_41";
      };
      "OBJ_239" = {
         isa = "PBXBuildFile";
         fileRef = "OBJ_42";
      };
      "OBJ_24" = {
         isa = "PBXFileReference";
         path = "Shader.fsh";
         sourceTree = "<group>";
      };
      "OBJ_240" = {
         isa = "PBXBuildFile";
         fileRef = "OBJ_43";
      };
      "OBJ_241" = {
         isa = "PBXBuildFile";
         fileRef = "OBJ_44";
      };
      "OBJ_242" = {
         isa = "PBXBuildFile";
         fileRef = "OBJ_45";
      };
      "OBJ_243" = {
         isa = "PBXBuildFile";
         fileRef = "OBJ_46";
      };
      "OBJ_244" = {
         isa = "PBXFrameworksBuildPhase";
         files = (
            "OBJ_245",
            "OBJ_246",
            "OBJ_247",
            "OBJ_248",
            "OBJ_249",
            "OBJ_250"
         );
      };
      "OBJ_245" = {
         isa = "PBXBuildFile";
         fileRef = "KSPlayer1::SubtitleCore::Product";
      };
      "OBJ_246" = {
         isa = "PBXBuildFile";
         fileRef = "KSPlayer1::Metal::Product";
      };
      "OBJ_247" = {
         isa = "PBXBuildFile";
         fileRef = "KSPlayer1::AVPlayer::Product";
      };
      "OBJ_248" = {
         isa = "PBXBuildFile";
         fileRef = "KSPlayer1::Basic::Product";
      };
      "OBJ_249" = {
         isa = "PBXBuildFile";
         fileRef = "KSPlayer1::UXKit::Product";
      };
      "OBJ_25" = {
         isa = "PBXFileReference";
         path = "Shaders.metal";
         sourceTree = "<group>";
      };
      "OBJ_250" = {
         isa = "PBXBuildFile";
         fileRef = "KSPlayer1::FFmpeg::Product";
      };
      "OBJ_251" = {
         isa = "PBXTargetDependency";
         target = "KSPlayer1::SubtitleCore";
      };
      "OBJ_252" = {
         isa = "PBXTargetDependency";
         target = "KSPlayer1::Metal";
      };
      "OBJ_254" = {
         isa = "PBXTargetDependency";
         target = "KSPlayer1::AVPlayer";
      };
      "OBJ_255" = {
         isa = "PBXTargetDependency";
         target = "KSPlayer1::Basic";
      };
      "OBJ_256" = {
         isa = "PBXTargetDependency";
         target = "KSPlayer1::UXKit";
      };
      "OBJ_257" = {
         isa = "PBXTargetDependency";
         target = "KSPlayer1::FFmpeg";
      };
      "OBJ_258" = {
         isa = "XCConfigurationList";
         buildConfigurations = (
            "OBJ_259",
            "OBJ_260"
         );
         defaultConfigurationIsVisible = "0";
         defaultConfigurationName = "Release";
      };
      "OBJ_259" = {
         isa = "XCBuildConfiguration";
         buildSettings = {
            ENABLE_TESTABILITY = "YES";
            FRAMEWORK_SEARCH_PATHS = (
               "$(inherited)",
               "$(PLATFORM_DIR)/Developer/Library/Frameworks"
            );
            HEADER_SEARCH_PATHS = (
               "$(inherited)"
            );
            INFOPLIST_FILE = "KSPlayer1.xcodeproj/Metal_Info.plist";
            IPHONEOS_DEPLOYMENT_TARGET = "9.0";
            LD_RUNPATH_SEARCH_PATHS = (
               "$(inherited)",
               "$(TOOLCHAIN_DIR)/usr/lib/swift/macosx"
            );
            MACOSX_DEPLOYMENT_TARGET = "10.11";
            OTHER_CFLAGS = (
               "$(inherited)"
            );
            OTHER_LDFLAGS = (
               "$(inherited)"
            );
            OTHER_SWIFT_FLAGS = (
               "$(inherited)"
            );
            PRODUCT_BUNDLE_IDENTIFIER = "Metal";
            PRODUCT_MODULE_NAME = "$(TARGET_NAME:c99extidentifier)";
            PRODUCT_NAME = "$(TARGET_NAME:c99extidentifier)";
            SKIP_INSTALL = "YES";
            SWIFT_ACTIVE_COMPILATION_CONDITIONS = (
               "$(inherited)"
            );
            SWIFT_VERSION = "5.0";
            TARGET_NAME = "Metal";
            TVOS_DEPLOYMENT_TARGET = "10.2";
            WATCHOS_DEPLOYMENT_TARGET = "2.0";
         };
         name = "Debug";
      };
      "OBJ_26" = {
         isa = "PBXFileReference";
         path = "Shader.vsh";
         sourceTree = "<group>";
      };
      "OBJ_260" = {
         isa = "XCBuildConfiguration";
         buildSettings = {
            ENABLE_TESTABILITY = "YES";
            FRAMEWORK_SEARCH_PATHS = (
               "$(inherited)",
               "$(PLATFORM_DIR)/Developer/Library/Frameworks"
            );
            HEADER_SEARCH_PATHS = (
               "$(inherited)"
            );
            INFOPLIST_FILE = "KSPlayer1.xcodeproj/Metal_Info.plist";
            IPHONEOS_DEPLOYMENT_TARGET = "9.0";
            LD_RUNPATH_SEARCH_PATHS = (
               "$(inherited)",
               "$(TOOLCHAIN_DIR)/usr/lib/swift/macosx"
            );
            MACOSX_DEPLOYMENT_TARGET = "10.11";
            OTHER_CFLAGS = (
               "$(inherited)"
            );
            OTHER_LDFLAGS = (
               "$(inherited)"
            );
            OTHER_SWIFT_FLAGS = (
               "$(inherited)"
            );
            PRODUCT_BUNDLE_IDENTIFIER = "Metal";
            PRODUCT_MODULE_NAME = "$(TARGET_NAME:c99extidentifier)";
            PRODUCT_NAME = "$(TARGET_NAME:c99extidentifier)";
            SKIP_INSTALL = "YES";
            SWIFT_ACTIVE_COMPILATION_CONDITIONS = (
               "$(inherited)"
            );
            SWIFT_VERSION = "5.0";
            TARGET_NAME = "Metal";
            TVOS_DEPLOYMENT_TARGET = "10.2";
            WATCHOS_DEPLOYMENT_TARGET = "2.0";
         };
         name = "Release";
      };
      "OBJ_261" = {
         isa = "PBXSourcesBuildPhase";
         files = (
            "OBJ_262"
         );
      };
      "OBJ_262" = {
         isa = "PBXBuildFile";
         fileRef = "OBJ_48";
      };
      "OBJ_263" = {
         isa = "PBXFrameworksBuildPhase";
         files = (
         );
      };
      "OBJ_265" = {
         isa = "XCConfigurationList";
         buildConfigurations = (
            "OBJ_266",
            "OBJ_267"
         );
         defaultConfigurationIsVisible = "0";
         defaultConfigurationName = "Release";
      };
      "OBJ_266" = {
         isa = "XCBuildConfiguration";
         buildSettings = {
            ENABLE_TESTABILITY = "YES";
            FRAMEWORK_SEARCH_PATHS = (
               "$(inherited)",
               "$(PLATFORM_DIR)/Developer/Library/Frameworks"
            );
            HEADER_SEARCH_PATHS = (
               "$(inherited)"
            );
            INFOPLIST_FILE = "KSPlayer1.xcodeproj/Panorama_Info.plist";
            IPHONEOS_DEPLOYMENT_TARGET = "9.0";
            LD_RUNPATH_SEARCH_PATHS = (
               "$(inherited)",
               "$(TOOLCHAIN_DIR)/usr/lib/swift/macosx"
            );
            MACOSX_DEPLOYMENT_TARGET = "10.11";
            OTHER_CFLAGS = (
               "$(inherited)"
            );
            OTHER_LDFLAGS = (
               "$(inherited)"
            );
            OTHER_SWIFT_FLAGS = (
               "$(inherited)"
            );
            PRODUCT_BUNDLE_IDENTIFIER = "Panorama";
            PRODUCT_MODULE_NAME = "$(TARGET_NAME:c99extidentifier)";
            PRODUCT_NAME = "$(TARGET_NAME:c99extidentifier)";
            SKIP_INSTALL = "YES";
            SWIFT_ACTIVE_COMPILATION_CONDITIONS = (
               "$(inherited)"
            );
            SWIFT_VERSION = "5.0";
            TARGET_NAME = "Panorama";
            TVOS_DEPLOYMENT_TARGET = "10.2";
            WATCHOS_DEPLOYMENT_TARGET = "2.0";
         };
         name = "Debug";
      };
      "OBJ_267" = {
         isa = "XCBuildConfiguration";
         buildSettings = {
            ENABLE_TESTABILITY = "YES";
            FRAMEWORK_SEARCH_PATHS = (
               "$(inherited)",
               "$(PLATFORM_DIR)/Developer/Library/Frameworks"
            );
            HEADER_SEARCH_PATHS = (
               "$(inherited)"
            );
            INFOPLIST_FILE = "KSPlayer1.xcodeproj/Panorama_Info.plist";
            IPHONEOS_DEPLOYMENT_TARGET = "9.0";
            LD_RUNPATH_SEARCH_PATHS = (
               "$(inherited)",
               "$(TOOLCHAIN_DIR)/usr/lib/swift/macosx"
            );
            MACOSX_DEPLOYMENT_TARGET = "10.11";
            OTHER_CFLAGS = (
               "$(inherited)"
            );
            OTHER_LDFLAGS = (
               "$(inherited)"
            );
            OTHER_SWIFT_FLAGS = (
               "$(inherited)"
            );
            PRODUCT_BUNDLE_IDENTIFIER = "Panorama";
            PRODUCT_MODULE_NAME = "$(TARGET_NAME:c99extidentifier)";
            PRODUCT_NAME = "$(TARGET_NAME:c99extidentifier)";
            SKIP_INSTALL = "YES";
            SWIFT_ACTIVE_COMPILATION_CONDITIONS = (
               "$(inherited)"
            );
            SWIFT_VERSION = "5.0";
            TARGET_NAME = "Panorama";
            TVOS_DEPLOYMENT_TARGET = "10.2";
            WATCHOS_DEPLOYMENT_TARGET = "2.0";
         };
         name = "Release";
      };
      "OBJ_268" = {
         isa = "PBXSourcesBuildPhase";
         files = (
            "OBJ_269",
            "OBJ_270",
            "OBJ_271",
            "OBJ_272",
            "OBJ_273",
            "OBJ_274"
         );
      };
      "OBJ_269" = {
         isa = "PBXBuildFile";
         fileRef = "OBJ_50";
      };
      "OBJ_27" = {
         isa = "PBXFileReference";
         path = "ATBPlayerItemTrack.swift";
         sourceTree = "<group>";
      };
      "OBJ_270" = {
         isa = "PBXBuildFile";
         fileRef = "OBJ_51";
      };
      "OBJ_271" = {
         isa = "PBXBuildFile";
         fileRef = "OBJ_52";
      };
      "OBJ_272" = {
         isa = "PBXBuildFile";
         fileRef = "OBJ_53";
      };
      "OBJ_273" = {
         isa = "PBXBuildFile";
         fileRef = "OBJ_54";
      };
      "OBJ_274" = {
         isa = "PBXBuildFile";
         fileRef = "OBJ_55";
      };
      "OBJ_275" = {
         isa = "PBXFrameworksBuildPhase";
         files = (
            "OBJ_276",
            "OBJ_277",
            "OBJ_278"
         );
      };
      "OBJ_276" = {
         isa = "PBXBuildFile";
         fileRef = "KSPlayer1::Metal::Product";
      };
      "OBJ_277" = {
         isa = "PBXBuildFile";
         fileRef = "KSPlayer1::Basic::Product";
      };
      "OBJ_278" = {
         isa = "PBXBuildFile";
         fileRef = "KSPlayer1::UXKit::Product";
      };
      "OBJ_279" = {
         isa = "PBXTargetDependency";
         target = "KSPlayer1::Metal";
      };
      "OBJ_28" = {
         isa = "PBXFileReference";
         path = "AudioOutput.swift";
         sourceTree = "<group>";
      };
      "OBJ_280" = {
         isa = "PBXTargetDependency";
         target = "KSPlayer1::Basic";
      };
      "OBJ_281" = {
         isa = "PBXTargetDependency";
         target = "KSPlayer1::UXKit";
      };
      "OBJ_282" = {
         isa = "XCConfigurationList";
         buildConfigurations = (
            "OBJ_283",
            "OBJ_284"
         );
         defaultConfigurationIsVisible = "0";
         defaultConfigurationName = "Release";
      };
      "OBJ_283" = {
         isa = "XCBuildConfiguration";
         buildSettings = {
            ENABLE_TESTABILITY = "YES";
            FRAMEWORK_SEARCH_PATHS = (
               "$(inherited)",
               "$(PLATFORM_DIR)/Developer/Library/Frameworks"
            );
            HEADER_SEARCH_PATHS = (
               "$(inherited)"
            );
            INFOPLIST_FILE = "KSPlayer1.xcodeproj/Subtitle_Info.plist";
            IPHONEOS_DEPLOYMENT_TARGET = "9.0";
            LD_RUNPATH_SEARCH_PATHS = (
               "$(inherited)",
               "$(TOOLCHAIN_DIR)/usr/lib/swift/macosx"
            );
            MACOSX_DEPLOYMENT_TARGET = "10.11";
            OTHER_CFLAGS = (
               "$(inherited)"
            );
            OTHER_LDFLAGS = (
               "$(inherited)"
            );
            OTHER_SWIFT_FLAGS = (
               "$(inherited)"
            );
            PRODUCT_BUNDLE_IDENTIFIER = "Subtitle";
            PRODUCT_MODULE_NAME = "$(TARGET_NAME:c99extidentifier)";
            PRODUCT_NAME = "$(TARGET_NAME:c99extidentifier)";
            SKIP_INSTALL = "YES";
            SWIFT_ACTIVE_COMPILATION_CONDITIONS = (
               "$(inherited)"
            );
            SWIFT_VERSION = "5.0";
            TARGET_NAME = "Subtitle";
            TVOS_DEPLOYMENT_TARGET = "10.2";
            WATCHOS_DEPLOYMENT_TARGET = "2.0";
         };
         name = "Debug";
      };
      "OBJ_284" = {
         isa = "XCBuildConfiguration";
         buildSettings = {
            ENABLE_TESTABILITY = "YES";
            FRAMEWORK_SEARCH_PATHS = (
               "$(inherited)",
               "$(PLATFORM_DIR)/Developer/Library/Frameworks"
            );
            HEADER_SEARCH_PATHS = (
               "$(inherited)"
            );
            INFOPLIST_FILE = "KSPlayer1.xcodeproj/Subtitle_Info.plist";
            IPHONEOS_DEPLOYMENT_TARGET = "9.0";
            LD_RUNPATH_SEARCH_PATHS = (
               "$(inherited)",
               "$(TOOLCHAIN_DIR)/usr/lib/swift/macosx"
            );
            MACOSX_DEPLOYMENT_TARGET = "10.11";
            OTHER_CFLAGS = (
               "$(inherited)"
            );
            OTHER_LDFLAGS = (
               "$(inherited)"
            );
            OTHER_SWIFT_FLAGS = (
               "$(inherited)"
            );
            PRODUCT_BUNDLE_IDENTIFIER = "Subtitle";
            PRODUCT_MODULE_NAME = "$(TARGET_NAME:c99extidentifier)";
            PRODUCT_NAME = "$(TARGET_NAME:c99extidentifier)";
            SKIP_INSTALL = "YES";
            SWIFT_ACTIVE_COMPILATION_CONDITIONS = (
               "$(inherited)"
            );
            SWIFT_VERSION = "5.0";
            TARGET_NAME = "Subtitle";
            TVOS_DEPLOYMENT_TARGET = "10.2";
            WATCHOS_DEPLOYMENT_TARGET = "2.0";
         };
         name = "Release";
      };
      "OBJ_285" = {
         isa = "PBXSourcesBuildPhase";
         files = (
            "OBJ_286",
            "OBJ_287"
         );
      };
      "OBJ_286" = {
         isa = "PBXBuildFile";
         fileRef = "OBJ_57";
      };
      "OBJ_287" = {
         isa = "PBXBuildFile";
         fileRef = "OBJ_59";
      };
      "OBJ_288" = {
         isa = "PBXFrameworksBuildPhase";
         files = (
            "OBJ_289",
            "OBJ_290",
            "OBJ_291"
         );
      };
      "OBJ_289" = {
         isa = "PBXBuildFile";
         fileRef = "KSPlayer1::Basic::Product";
      };
      "OBJ_29" = {
         isa = "PBXFileReference";
         path = "AudioPlayer.swift";
         sourceTree = "<group>";
      };
      "OBJ_290" = {
         isa = "PBXBuildFile";
         fileRef = "KSPlayer1::UXKit::Product";
      };
      "OBJ_291" = {
         isa = "PBXBuildFile";
         fileRef = "KSPlayer1::SubtitleCore::Product";
      };
      "OBJ_292" = {
         isa = "PBXTargetDependency";
         target = "KSPlayer1::Basic";
      };
      "OBJ_293" = {
         isa = "PBXTargetDependency";
         target = "KSPlayer1::UXKit";
      };
      "OBJ_294" = {
         isa = "PBXTargetDependency";
         target = "KSPlayer1::SubtitleCore";
      };
      "OBJ_295" = {
         isa = "XCConfigurationList";
         buildConfigurations = (
            "OBJ_296",
            "OBJ_297"
         );
         defaultConfigurationIsVisible = "0";
         defaultConfigurationName = "Release";
      };
      "OBJ_296" = {
         isa = "XCBuildConfiguration";
         buildSettings = {
            ENABLE_TESTABILITY = "YES";
            FRAMEWORK_SEARCH_PATHS = (
               "$(inherited)",
               "$(PLATFORM_DIR)/Developer/Library/Frameworks"
            );
            HEADER_SEARCH_PATHS = (
               "$(inherited)"
            );
            INFOPLIST_FILE = "KSPlayer1.xcodeproj/SubtitleCore_Info.plist";
            IPHONEOS_DEPLOYMENT_TARGET = "9.0";
            LD_RUNPATH_SEARCH_PATHS = (
               "$(inherited)",
               "$(TOOLCHAIN_DIR)/usr/lib/swift/macosx"
            );
            MACOSX_DEPLOYMENT_TARGET = "10.11";
            OTHER_CFLAGS = (
               "$(inherited)"
            );
            OTHER_LDFLAGS = (
               "$(inherited)"
            );
            OTHER_SWIFT_FLAGS = (
               "$(inherited)"
            );
            PRODUCT_BUNDLE_IDENTIFIER = "SubtitleCore";
            PRODUCT_MODULE_NAME = "$(TARGET_NAME:c99extidentifier)";
            PRODUCT_NAME = "$(TARGET_NAME:c99extidentifier)";
            SKIP_INSTALL = "YES";
            SWIFT_ACTIVE_COMPILATION_CONDITIONS = (
               "$(inherited)"
            );
            SWIFT_VERSION = "5.0";
            TARGET_NAME = "SubtitleCore";
            TVOS_DEPLOYMENT_TARGET = "10.2";
            WATCHOS_DEPLOYMENT_TARGET = "2.0";
         };
         name = "Debug";
      };
      "OBJ_297" = {
         isa = "XCBuildConfiguration";
         buildSettings = {
            ENABLE_TESTABILITY = "YES";
            FRAMEWORK_SEARCH_PATHS = (
               "$(inherited)",
               "$(PLATFORM_DIR)/Developer/Library/Frameworks"
            );
            HEADER_SEARCH_PATHS = (
               "$(inherited)"
            );
            INFOPLIST_FILE = "KSPlayer1.xcodeproj/SubtitleCore_Info.plist";
            IPHONEOS_DEPLOYMENT_TARGET = "9.0";
            LD_RUNPATH_SEARCH_PATHS = (
               "$(inherited)",
               "$(TOOLCHAIN_DIR)/usr/lib/swift/macosx"
            );
            MACOSX_DEPLOYMENT_TARGET = "10.11";
            OTHER_CFLAGS = (
               "$(inherited)"
            );
            OTHER_LDFLAGS = (
               "$(inherited)"
            );
            OTHER_SWIFT_FLAGS = (
               "$(inherited)"
            );
            PRODUCT_BUNDLE_IDENTIFIER = "SubtitleCore";
            PRODUCT_MODULE_NAME = "$(TARGET_NAME:c99extidentifier)";
            PRODUCT_NAME = "$(TARGET_NAME:c99extidentifier)";
            SKIP_INSTALL = "YES";
            SWIFT_ACTIVE_COMPILATION_CONDITIONS = (
               "$(inherited)"
            );
            SWIFT_VERSION = "5.0";
            TARGET_NAME = "SubtitleCore";
            TVOS_DEPLOYMENT_TARGET = "10.2";
            WATCHOS_DEPLOYMENT_TARGET = "2.0";
         };
         name = "Release";
      };
      "OBJ_298" = {
         isa = "PBXSourcesBuildPhase";
         files = (
            "OBJ_299",
            "OBJ_300",
            "OBJ_301"
         );
      };
      "OBJ_299" = {
         isa = "PBXBuildFile";
         fileRef = "OBJ_61";
      };
      "OBJ_3" = {
         isa = "XCBuildConfiguration";
         buildSettings = {
            CLANG_ENABLE_OBJC_ARC = "YES";
            COMBINE_HIDPI_IMAGES = "YES";
            COPY_PHASE_STRIP = "NO";
            DEBUG_INFORMATION_FORMAT = "dwarf";
            DYLIB_INSTALL_NAME_BASE = "@rpath";
            ENABLE_NS_ASSERTIONS = "YES";
            GCC_OPTIMIZATION_LEVEL = "0";
            GCC_PREPROCESSOR_DEFINITIONS = (
               "$(inherited)",
               "SWIFT_PACKAGE=1",
               "DEBUG=1"
            );
            MACOSX_DEPLOYMENT_TARGET = "10.10";
            ONLY_ACTIVE_ARCH = "YES";
            OTHER_SWIFT_FLAGS = (
               "-DXcode"
            );
            PRODUCT_NAME = "$(TARGET_NAME)";
            SDKROOT = "macosx";
            SUPPORTED_PLATFORMS = (
               "macosx",
               "iphoneos",
               "iphonesimulator",
               "appletvos",
               "appletvsimulator",
               "watchos",
               "watchsimulator"
            );
            SWIFT_ACTIVE_COMPILATION_CONDITIONS = (
               "$(inherited)",
               "SWIFT_PACKAGE",
               "DEBUG"
            );
            SWIFT_OPTIMIZATION_LEVEL = "-Onone";
            USE_HEADERMAP = "NO";
         };
         name = "Debug";
      };
      "OBJ_30" = {
         isa = "PBXFileReference";
         path = "AudioPlayerItemTrack.swift";
         sourceTree = "<group>";
      };
      "OBJ_300" = {
         isa = "PBXBuildFile";
         fileRef = "OBJ_62";
      };
      "OBJ_301" = {
         isa = "PBXBuildFile";
         fileRef = "OBJ_63";
      };
      "OBJ_302" = {
         isa = "PBXFrameworksBuildPhase";
         files = (
         );
      };
      "OBJ_303" = {
         isa = "XCConfigurationList";
         buildConfigurations = (
            "OBJ_304",
            "OBJ_305"
         );
         defaultConfigurationIsVisible = "0";
         defaultConfigurationName = "Release";
      };
      "OBJ_304" = {
         isa = "XCBuildConfiguration";
         buildSettings = {
            ENABLE_TESTABILITY = "YES";
            FRAMEWORK_SEARCH_PATHS = (
               "$(inherited)",
               "$(PLATFORM_DIR)/Developer/Library/Frameworks"
            );
            HEADER_SEARCH_PATHS = (
               "$(inherited)"
            );
            INFOPLIST_FILE = "KSPlayer1.xcodeproj/UXKit_Info.plist";
            IPHONEOS_DEPLOYMENT_TARGET = "9.0";
            LD_RUNPATH_SEARCH_PATHS = (
               "$(inherited)",
               "$(TOOLCHAIN_DIR)/usr/lib/swift/macosx"
            );
            MACOSX_DEPLOYMENT_TARGET = "10.11";
            OTHER_CFLAGS = (
               "$(inherited)"
            );
            OTHER_LDFLAGS = (
               "$(inherited)"
            );
            OTHER_SWIFT_FLAGS = (
               "$(inherited)"
            );
            PRODUCT_BUNDLE_IDENTIFIER = "UXKit";
            PRODUCT_MODULE_NAME = "$(TARGET_NAME:c99extidentifier)";
            PRODUCT_NAME = "$(TARGET_NAME:c99extidentifier)";
            SKIP_INSTALL = "YES";
            SWIFT_ACTIVE_COMPILATION_CONDITIONS = (
               "$(inherited)"
            );
            SWIFT_VERSION = "5.0";
            TARGET_NAME = "UXKit";
            TVOS_DEPLOYMENT_TARGET = "10.2";
            WATCHOS_DEPLOYMENT_TARGET = "2.0";
         };
         name = "Debug";
      };
      "OBJ_305" = {
         isa = "XCBuildConfiguration";
         buildSettings = {
            ENABLE_TESTABILITY = "YES";
            FRAMEWORK_SEARCH_PATHS = (
               "$(inherited)",
               "$(PLATFORM_DIR)/Developer/Library/Frameworks"
            );
            HEADER_SEARCH_PATHS = (
               "$(inherited)"
            );
            INFOPLIST_FILE = "KSPlayer1.xcodeproj/UXKit_Info.plist";
            IPHONEOS_DEPLOYMENT_TARGET = "9.0";
            LD_RUNPATH_SEARCH_PATHS = (
               "$(inherited)",
               "$(TOOLCHAIN_DIR)/usr/lib/swift/macosx"
            );
            MACOSX_DEPLOYMENT_TARGET = "10.11";
            OTHER_CFLAGS = (
               "$(inherited)"
            );
            OTHER_LDFLAGS = (
               "$(inherited)"
            );
            OTHER_SWIFT_FLAGS = (
               "$(inherited)"
            );
            PRODUCT_BUNDLE_IDENTIFIER = "UXKit";
            PRODUCT_MODULE_NAME = "$(TARGET_NAME:c99extidentifier)";
            PRODUCT_NAME = "$(TARGET_NAME:c99extidentifier)";
            SKIP_INSTALL = "YES";
            SWIFT_ACTIVE_COMPILATION_CONDITIONS = (
               "$(inherited)"
            );
            SWIFT_VERSION = "5.0";
            TARGET_NAME = "UXKit";
            TVOS_DEPLOYMENT_TARGET = "10.2";
            WATCHOS_DEPLOYMENT_TARGET = "2.0";
         };
         name = "Release";
      };
      "OBJ_306" = {
         isa = "PBXSourcesBuildPhase";
         files = (
            "OBJ_307",
            "OBJ_308"
         );
      };
      "OBJ_307" = {
         isa = "PBXBuildFile";
         fileRef = "OBJ_65";
      };
      "OBJ_308" = {
         isa = "PBXBuildFile";
         fileRef = "OBJ_67";
      };
      "OBJ_309" = {
         isa = "PBXFrameworksBuildPhase";
         files = (
         );
      };
      "OBJ_31" = {
         isa = "PBXFileReference";
         path = "EmbedDataSouce.swift";
         sourceTree = "<group>";
      };
      "OBJ_311" = {
         isa = "XCConfigurationList";
         buildConfigurations = (
            "OBJ_312",
            "OBJ_313"
         );
         defaultConfigurationIsVisible = "0";
         defaultConfigurationName = "Release";
      };
      "OBJ_312" = {
         isa = "XCBuildConfiguration";
         buildSettings = {
            ENABLE_TESTABILITY = "YES";
            FRAMEWORK_SEARCH_PATHS = (
               "$(inherited)",
               "$(PLATFORM_DIR)/Developer/Library/Frameworks"
            );
            HEADER_SEARCH_PATHS = (
               "$(inherited)",
               "$(SRCROOT)/Sources/FFmpeg/include"
            );
            INFOPLIST_FILE = "KSPlayer1.xcodeproj/VRPlayer_Info.plist";
            IPHONEOS_DEPLOYMENT_TARGET = "9.0";
            LD_RUNPATH_SEARCH_PATHS = (
               "$(inherited)",
               "$(TOOLCHAIN_DIR)/usr/lib/swift/macosx"
            );
            MACOSX_DEPLOYMENT_TARGET = "10.11";
            OTHER_CFLAGS = (
               "$(inherited)"
            );
            OTHER_LDFLAGS = (
               "$(inherited)"
            );
            OTHER_SWIFT_FLAGS = (
               "$(inherited)"
            );
            PRODUCT_BUNDLE_IDENTIFIER = "VRPlayer";
            PRODUCT_MODULE_NAME = "$(TARGET_NAME:c99extidentifier)";
            PRODUCT_NAME = "$(TARGET_NAME:c99extidentifier)";
            SKIP_INSTALL = "YES";
            SWIFT_ACTIVE_COMPILATION_CONDITIONS = (
               "$(inherited)"
            );
            SWIFT_VERSION = "5.0";
            TARGET_NAME = "VRPlayer";
            TVOS_DEPLOYMENT_TARGET = "10.2";
            WATCHOS_DEPLOYMENT_TARGET = "2.0";
         };
         name = "Debug";
      };
      "OBJ_313" = {
         isa = "XCBuildConfiguration";
         buildSettings = {
            ENABLE_TESTABILITY = "YES";
            FRAMEWORK_SEARCH_PATHS = (
               "$(inherited)",
               "$(PLATFORM_DIR)/Developer/Library/Frameworks"
            );
            HEADER_SEARCH_PATHS = (
               "$(inherited)",
               "$(SRCROOT)/Sources/FFmpeg/include"
            );
            INFOPLIST_FILE = "KSPlayer1.xcodeproj/VRPlayer_Info.plist";
            IPHONEOS_DEPLOYMENT_TARGET = "9.0";
            LD_RUNPATH_SEARCH_PATHS = (
               "$(inherited)",
               "$(TOOLCHAIN_DIR)/usr/lib/swift/macosx"
            );
            MACOSX_DEPLOYMENT_TARGET = "10.11";
            OTHER_CFLAGS = (
               "$(inherited)"
            );
            OTHER_LDFLAGS = (
               "$(inherited)"
            );
            OTHER_SWIFT_FLAGS = (
               "$(inherited)"
            );
            PRODUCT_BUNDLE_IDENTIFIER = "VRPlayer";
            PRODUCT_MODULE_NAME = "$(TARGET_NAME:c99extidentifier)";
            PRODUCT_NAME = "$(TARGET_NAME:c99extidentifier)";
            SKIP_INSTALL = "YES";
            SWIFT_ACTIVE_COMPILATION_CONDITIONS = (
               "$(inherited)"
            );
            SWIFT_VERSION = "5.0";
            TARGET_NAME = "VRPlayer";
            TVOS_DEPLOYMENT_TARGET = "10.2";
            WATCHOS_DEPLOYMENT_TARGET = "2.0";
         };
         name = "Release";
      };
      "OBJ_314" = {
         isa = "PBXSourcesBuildPhase";
         files = (
            "OBJ_315",
            "OBJ_316"
         );
      };
      "OBJ_315" = {
         isa = "PBXBuildFile";
         fileRef = "OBJ_69";
      };
      "OBJ_316" = {
         isa = "PBXBuildFile";
         fileRef = "OBJ_70";
      };
      "OBJ_317" = {
         isa = "PBXFrameworksBuildPhase";
         files = (
            "OBJ_318",
            "OBJ_319",
            "OBJ_320",
            "OBJ_321",
            "OBJ_322",
            "OBJ_323",
            "OBJ_324",
            "OBJ_325"
         );
      };
      "OBJ_318" = {
         isa = "PBXBuildFile";
         fileRef = "KSPlayer1::Panorama::Product";
      };
      "OBJ_319" = {
         isa = "PBXBuildFile";
         fileRef = "KSPlayer1::MEPlayer::Product";
      };
      "OBJ_32" = {
         isa = "PBXFileReference";
         path = "FFPlayerItemTrack.swift";
         sourceTree = "<group>";
      };
      "OBJ_320" = {
         isa = "PBXBuildFile";
         fileRef = "KSPlayer1::SubtitleCore::Product";
      };
      "OBJ_321" = {
         isa = "PBXBuildFile";
         fileRef = "KSPlayer1::Metal::Product";
      };
      "OBJ_322" = {
         isa = "PBXBuildFile";
         fileRef = "KSPlayer1::AVPlayer::Product";
      };
      "OBJ_323" = {
         isa = "PBXBuildFile";
         fileRef = "KSPlayer1::Basic::Product";
      };
      "OBJ_324" = {
         isa = "PBXBuildFile";
         fileRef = "KSPlayer1::UXKit::Product";
      };
      "OBJ_325" = {
         isa = "PBXBuildFile";
         fileRef = "KSPlayer1::FFmpeg::Product";
      };
      "OBJ_326" = {
         isa = "PBXTargetDependency";
         target = "KSPlayer1::Panorama";
      };
      "OBJ_327" = {
         isa = "PBXTargetDependency";
         target = "KSPlayer1::MEPlayer";
      };
      "OBJ_328" = {
         isa = "PBXTargetDependency";
         target = "KSPlayer1::SubtitleCore";
      };
      "OBJ_329" = {
         isa = "PBXTargetDependency";
         target = "KSPlayer1::Metal";
      };
      "OBJ_33" = {
         isa = "PBXFileReference";
         path = "KSMEPlayer.swift";
         sourceTree = "<group>";
      };
      "OBJ_330" = {
         isa = "PBXTargetDependency";
         target = "KSPlayer1::AVPlayer";
      };
      "OBJ_331" = {
         isa = "PBXTargetDependency";
         target = "KSPlayer1::Basic";
      };
      "OBJ_332" = {
         isa = "PBXTargetDependency";
         target = "KSPlayer1::UXKit";
      };
      "OBJ_333" = {
         isa = "PBXTargetDependency";
         target = "KSPlayer1::FFmpeg";
      };
      "OBJ_334" = {
         isa = "XCConfigurationList";
         buildConfigurations = (
            "OBJ_335",
            "OBJ_336"
         );
         defaultConfigurationIsVisible = "0";
         defaultConfigurationName = "Release";
      };
      "OBJ_335" = {
         isa = "XCBuildConfiguration";
         buildSettings = {
            ENABLE_TESTABILITY = "YES";
            FRAMEWORK_SEARCH_PATHS = (
               "$(inherited)",
               "$(PLATFORM_DIR)/Developer/Library/Frameworks"
            );
            HEADER_SEARCH_PATHS = (
               "$(inherited)"
            );
            INFOPLIST_FILE = "KSPlayer1.xcodeproj/Video_Info.plist";
            IPHONEOS_DEPLOYMENT_TARGET = "9.0";
            LD_RUNPATH_SEARCH_PATHS = (
               "$(inherited)",
               "$(TOOLCHAIN_DIR)/usr/lib/swift/macosx"
            );
            MACOSX_DEPLOYMENT_TARGET = "10.11";
            OTHER_CFLAGS = (
               "$(inherited)"
            );
            OTHER_LDFLAGS = (
               "$(inherited)"
            );
            OTHER_SWIFT_FLAGS = (
               "$(inherited)"
            );
            PRODUCT_BUNDLE_IDENTIFIER = "Video";
            PRODUCT_MODULE_NAME = "$(TARGET_NAME:c99extidentifier)";
            PRODUCT_NAME = "$(TARGET_NAME:c99extidentifier)";
            SKIP_INSTALL = "YES";
            SWIFT_ACTIVE_COMPILATION_CONDITIONS = (
               "$(inherited)"
            );
            SWIFT_VERSION = "5.0";
            TARGET_NAME = "Video";
            TVOS_DEPLOYMENT_TARGET = "10.2";
            WATCHOS_DEPLOYMENT_TARGET = "2.0";
         };
         name = "Debug";
      };
      "OBJ_336" = {
         isa = "XCBuildConfiguration";
         buildSettings = {
            ENABLE_TESTABILITY = "YES";
            FRAMEWORK_SEARCH_PATHS = (
               "$(inherited)",
               "$(PLATFORM_DIR)/Developer/Library/Frameworks"
            );
            HEADER_SEARCH_PATHS = (
               "$(inherited)"
            );
            INFOPLIST_FILE = "KSPlayer1.xcodeproj/Video_Info.plist";
            IPHONEOS_DEPLOYMENT_TARGET = "9.0";
            LD_RUNPATH_SEARCH_PATHS = (
               "$(inherited)",
               "$(TOOLCHAIN_DIR)/usr/lib/swift/macosx"
            );
            MACOSX_DEPLOYMENT_TARGET = "10.11";
            OTHER_CFLAGS = (
               "$(inherited)"
            );
            OTHER_LDFLAGS = (
               "$(inherited)"
            );
            OTHER_SWIFT_FLAGS = (
               "$(inherited)"
            );
            PRODUCT_BUNDLE_IDENTIFIER = "Video";
            PRODUCT_MODULE_NAME = "$(TARGET_NAME:c99extidentifier)";
            PRODUCT_NAME = "$(TARGET_NAME:c99extidentifier)";
            SKIP_INSTALL = "YES";
            SWIFT_ACTIVE_COMPILATION_CONDITIONS = (
               "$(inherited)"
            );
            SWIFT_VERSION = "5.0";
            TARGET_NAME = "Video";
            TVOS_DEPLOYMENT_TARGET = "10.2";
            WATCHOS_DEPLOYMENT_TARGET = "2.0";
         };
         name = "Release";
      };
      "OBJ_337" = {
         isa = "PBXSourcesBuildPhase";
         files = (
            "OBJ_338",
            "OBJ_339",
            "OBJ_340"
         );
      };
      "OBJ_338" = {
         isa = "PBXBuildFile";
         fileRef = "OBJ_72";
      };
      "OBJ_339" = {
         isa = "PBXBuildFile";
         fileRef = "OBJ_73";
      };
      "OBJ_34" = {
         isa = "PBXFileReference";
         path = "MEPlayerItem.swift";
         sourceTree = "<group>";
      };
      "OBJ_340" = {
         isa = "PBXBuildFile";
         fileRef = "OBJ_75";
      };
      "OBJ_341" = {
         isa = "PBXFrameworksBuildPhase";
         files = (
            "OBJ_342",
            "OBJ_343",
            "OBJ_344",
            "OBJ_345",
            "OBJ_346",
            "OBJ_347"
         );
      };
      "OBJ_342" = {
         isa = "PBXBuildFile";
         fileRef = "KSPlayer1::Subtitle::Product";
      };
      "OBJ_343" = {
         isa = "PBXBuildFile";
         fileRef = "KSPlayer1::SubtitleCore::Product";
      };
      "OBJ_344" = {
         isa = "PBXBuildFile";
         fileRef = "KSPlayer1::Core::Product";
      };
      "OBJ_345" = {
         isa = "PBXBuildFile";
         fileRef = "KSPlayer1::AVPlayer::Product";
      };
      "OBJ_346" = {
         isa = "PBXBuildFile";
         fileRef = "KSPlayer1::Basic::Product";
      };
      "OBJ_347" = {
         isa = "PBXBuildFile";
         fileRef = "KSPlayer1::UXKit::Product";
      };
      "OBJ_348" = {
         isa = "PBXTargetDependency";
         target = "KSPlayer1::Subtitle";
      };
      "OBJ_349" = {
         isa = "PBXTargetDependency";
         target = "KSPlayer1::SubtitleCore";
      };
      "OBJ_35" = {
         isa = "PBXFileReference";
         path = "MEPlayerItemTrack.swift";
         sourceTree = "<group>";
      };
      "OBJ_350" = {
         isa = "PBXTargetDependency";
         target = "KSPlayer1::Core";
      };
      "OBJ_351" = {
         isa = "PBXTargetDependency";
         target = "KSPlayer1::AVPlayer";
      };
      "OBJ_352" = {
         isa = "PBXTargetDependency";
         target = "KSPlayer1::Basic";
      };
      "OBJ_353" = {
         isa = "PBXTargetDependency";
         target = "KSPlayer1::UXKit";
      };
      "OBJ_36" = {
         isa = "PBXFileReference";
         path = "MetalPlayView.swift";
         sourceTree = "<group>";
      };
      "OBJ_37" = {
         isa = "PBXFileReference";
         path = "Model.swift";
         sourceTree = "<group>";
      };
      "OBJ_38" = {
         isa = "PBXFileReference";
         path = "ObjectQueue.swift";
         sourceTree = "<group>";
      };
      "OBJ_39" = {
         isa = "PBXFileReference";
         path = "OpenGLPlayView.swift";
         sourceTree = "<group>";
      };
      "OBJ_4" = {
         isa = "XCBuildConfiguration";
         buildSettings = {
            CLANG_ENABLE_OBJC_ARC = "YES";
            COMBINE_HIDPI_IMAGES = "YES";
            COPY_PHASE_STRIP = "YES";
            DEBUG_INFORMATION_FORMAT = "dwarf-with-dsym";
            DYLIB_INSTALL_NAME_BASE = "@rpath";
            GCC_OPTIMIZATION_LEVEL = "s";
            GCC_PREPROCESSOR_DEFINITIONS = (
               "$(inherited)",
               "SWIFT_PACKAGE=1"
            );
            MACOSX_DEPLOYMENT_TARGET = "10.10";
            OTHER_SWIFT_FLAGS = (
               "-DXcode"
            );
            PRODUCT_NAME = "$(TARGET_NAME)";
            SDKROOT = "macosx";
            SUPPORTED_PLATFORMS = (
               "macosx",
               "iphoneos",
               "iphonesimulator",
               "appletvos",
               "appletvsimulator",
               "watchos",
               "watchsimulator"
            );
            SWIFT_ACTIVE_COMPILATION_CONDITIONS = (
               "$(inherited)",
               "SWIFT_PACKAGE"
            );
            SWIFT_OPTIMIZATION_LEVEL = "-Owholemodule";
            USE_HEADERMAP = "NO";
         };
         name = "Release";
      };
      "OBJ_40" = {
         isa = "PBXFileReference";
         path = "OpenGLProgram.swift";
         sourceTree = "<group>";
      };
      "OBJ_41" = {
         isa = "PBXFileReference";
         path = "OpenGLTexture.swift";
         sourceTree = "<group>";
      };
      "OBJ_42" = {
         isa = "PBXFileReference";
         path = "SampleBufferPlayerView.swift";
         sourceTree = "<group>";
      };
      "OBJ_43" = {
         isa = "PBXFileReference";
         path = "SubtitlePlayerItemTrack.swift";
         sourceTree = "<group>";
      };
      "OBJ_44" = {
         isa = "PBXFileReference";
         path = "VTBPlayerItemTrack.swift";
         sourceTree = "<group>";
      };
      "OBJ_45" = {
         isa = "PBXFileReference";
         path = "VideoOutput.swift";
         sourceTree = "<group>";
      };
      "OBJ_46" = {
         isa = "PBXFileReference";
         path = "VideoPlayerItemTrack.swift";
         sourceTree = "<group>";
      };
      "OBJ_47" = {
         isa = "PBXGroup";
         children = (
            "OBJ_48"
         );
         name = "Metal";
         path = "Sources/Metal";
         sourceTree = "SOURCE_ROOT";
      };
      "OBJ_48" = {
         isa = "PBXFileReference";
         path = "MetalTexture.swift";
         sourceTree = "<group>";
      };
      "OBJ_49" = {
         isa = "PBXGroup";
         children = (
            "OBJ_50",
            "OBJ_51",
            "OBJ_52",
            "OBJ_53",
            "OBJ_54",
            "OBJ_55"
         );
         name = "Panorama";
         path = "Sources/Panorama";
         sourceTree = "SOURCE_ROOT";
      };
      "OBJ_5" = {
         isa = "PBXGroup";
         children = (
            "OBJ_6",
            "OBJ_7",
            "OBJ_76",
            "OBJ_86",
            "OBJ_101",
            "OBJ_102",
            "OBJ_103",
            "OBJ_104",
            "OBJ_105",
            "OBJ_106",
            "OBJ_107",
            "OBJ_108"
         );
         path = "";
         sourceTree = "<group>";
      };
      "OBJ_50" = {
         isa = "PBXFileReference";
         path = "DeviceOrientationProvider.swift";
         sourceTree = "<group>";
      };
      "OBJ_51" = {
         isa = "PBXFileReference";
         path = "OrientationNode.swift";
         sourceTree = "<group>";
      };
      "OBJ_52" = {
         isa = "PBXFileReference";
         path = "PanoramaPanGestureManager.swift";
         sourceTree = "<group>";
      };
      "OBJ_53" = {
         isa = "PBXFileReference";
         path = "PanoramaView.swift";
         sourceTree = "<group>";
      };
      "OBJ_54" = {
         isa = "PBXFileReference";
         path = "SceneLoadable.swift";
         sourceTree = "<group>";
      };
      "OBJ_55" = {
         isa = "PBXFileReference";
         path = "SphericalMediaScene.swift";
         sourceTree = "<group>";
      };
      "OBJ_56" = {
         isa = "PBXGroup";
         children = (
            "OBJ_57",
            "OBJ_58"
         );
         name = "Subtitle";
         path = "Sources/Subtitle";
         sourceTree = "SOURCE_ROOT";
      };
      "OBJ_57" = {
         isa = "PBXFileReference";
         path = "KSSubtitleController.swift";
         sourceTree = "<group>";
      };
      "OBJ_58" = {
         isa = "PBXGroup";
         children = (
            "OBJ_59"
         );
         name = "macOS";
         path = "macOS";
         sourceTree = "<group>";
      };
      "OBJ_59" = {
         isa = "PBXFileReference";
         path = "KSSubtitleView.swift";
         sourceTree = "<group>";
      };
      "OBJ_6" = {
         isa = "PBXFileReference";
         explicitFileType = "sourcecode.swift";
         path = "Package.swift";
         sourceTree = "<group>";
      };
      "OBJ_60" = {
         isa = "PBXGroup";
         children = (
            "OBJ_61",
            "OBJ_62",
            "OBJ_63"
         );
         name = "SubtitleCore";
         path = "Sources/SubtitleCore";
         sourceTree = "SOURCE_ROOT";
      };
      "OBJ_61" = {
         isa = "PBXFileReference";
         path = "KSParseProtocol.swift";
         sourceTree = "<group>";
      };
      "OBJ_62" = {
         isa = "PBXFileReference";
         path = "KSSubtitle.swift";
         sourceTree = "<group>";
      };
      "OBJ_63" = {
         isa = "PBXFileReference";
         path = "SubtitleDataSouce.swift";
         sourceTree = "<group>";
      };
      "OBJ_64" = {
         isa = "PBXGroup";
         children = (
            "OBJ_65",
            "OBJ_66"
         );
         name = "UXKit";
         path = "Sources/UXKit";
         sourceTree = "SOURCE_ROOT";
      };
      "OBJ_65" = {
         isa = "PBXFileReference";
         path = "UXKit.swift";
         sourceTree = "<group>";
      };
      "OBJ_66" = {
         isa = "PBXGroup";
         children = (
            "OBJ_67"
         );
         name = "macOS";
         path = "macOS";
         sourceTree = "<group>";
      };
      "OBJ_67" = {
         isa = "PBXFileReference";
         path = "AppKitExtend.swift";
         sourceTree = "<group>";
      };
      "OBJ_68" = {
         isa = "PBXGroup";
         children = (
            "OBJ_69",
            "OBJ_70"
         );
         name = "VRPlayer";
         path = "Sources/VRPlayer";
         sourceTree = "SOURCE_ROOT";
      };
      "OBJ_69" = {
         isa = "PBXFileReference";
         path = "KSPanoramaPlayer.swift";
         sourceTree = "<group>";
      };
      "OBJ_7" = {
         isa = "PBXGroup";
         children = (
            "OBJ_8",
            "OBJ_11",
            "OBJ_13",
            "OBJ_15",
            "OBJ_20",
            "OBJ_23",
            "OBJ_47",
            "OBJ_49",
            "OBJ_56",
            "OBJ_60",
            "OBJ_64",
            "OBJ_68",
            "OBJ_71"
         );
         name = "Sources";
         path = "";
         sourceTree = "SOURCE_ROOT";
      };
      "OBJ_70" = {
         isa = "PBXFileReference";
         path = "OpenGLVRPlayView.swift";
         sourceTree = "<group>";
      };
      "OBJ_71" = {
         isa = "PBXGroup";
         children = (
            "OBJ_72",
            "OBJ_73",
            "OBJ_74"
         );
         name = "Video";
         path = "Sources/Video";
         sourceTree = "SOURCE_ROOT";
      };
      "OBJ_72" = {
         isa = "PBXFileReference";
         path = "SeekView.swift";
         sourceTree = "<group>";
      };
      "OBJ_73" = {
         isa = "PBXFileReference";
         path = "VideoPlayerView.swift";
         sourceTree = "<group>";
      };
      "OBJ_74" = {
         isa = "PBXGroup";
         children = (
            "OBJ_75"
         );
         name = "macOS";
         path = "macOS";
         sourceTree = "<group>";
      };
      "OBJ_75" = {
         isa = "PBXFileReference";
         path = "MacVideoPlayerView.swift";
         sourceTree = "<group>";
      };
      "OBJ_76" = {
         isa = "PBXGroup";
         children = (
            "OBJ_77",
            "OBJ_78",
            "OBJ_79",
            "OBJ_80",
            "OBJ_81",
            "OBJ_82",
            "OBJ_83",
            "OBJ_84",
            "OBJ_85"
         );
         name = "Tests";
         path = "Tests";
         sourceTree = "SOURCE_ROOT";
      };
      "OBJ_77" = {
         isa = "PBXFileReference";
         path = "AudioPlayerViewTest.swift";
         sourceTree = "<group>";
      };
      "OBJ_78" = {
         isa = "PBXFileReference";
         path = "FormatContextTest.swift";
         sourceTree = "<group>";
      };
      "OBJ_79" = {
         isa = "PBXFileReference";
         path = "KSAVPlayerTest.swift";
         sourceTree = "<group>";
      };
      "OBJ_8" = {
         isa = "PBXGroup";
         children = (
            "OBJ_9",
            "OBJ_10"
         );
         name = "AVPlayer";
         path = "Sources/AVPlayer";
         sourceTree = "SOURCE_ROOT";
      };
      "OBJ_80" = {
         isa = "PBXFileReference";
         path = "KSMEPlayerTest.swift";
         sourceTree = "<group>";
      };
      "OBJ_81" = {
         isa = "PBXFileReference";
         path = "KSPlayerLayerTest.swift";
         sourceTree = "<group>";
      };
      "OBJ_82" = {
         isa = "PBXFileReference";
         path = "OpenGLPlayView.swift";
         sourceTree = "<group>";
      };
      "OBJ_83" = {
         isa = "PBXFileReference";
         path = "PlayerControllerTest.swift";
         sourceTree = "<group>";
      };
      "OBJ_84" = {
         isa = "PBXFileReference";
         path = "VideoPlayerControllerTest.swift";
         sourceTree = "<group>";
      };
      "OBJ_85" = {
         isa = "PBXFileReference";
         path = "VideoPlayerViewTest.swift";
         sourceTree = "<group>";
      };
      "OBJ_86" = {
         isa = "PBXGroup";
         children = (
            "KSPlayer1::VRPlayer::Product",
            "KSPlayer1::SubtitleCore::Product",
            "KSPlayer1::Subtitle::Product",
            "KSPlayer1::Core::Product",
            "KSPlayer1::MEPlayer::Product",
            "KSPlayer1::Audio::Product",
            "KSPlayer1::Metal::Product",
            "KSPlayer1::Basic::Product",
            "KSPlayer1::UXKit::Product",
            "KSPlayer1::Panorama::Product",
            "KSPlayer1::AVPlayer::Product",
            "KSPlayer1::KSPlayerTests::Product",
            "KSPlayer1::Video::Product",
            "KSPlayer1::FFmpeg::Product"
         );
         name = "Products";
         path = "";
         sourceTree = "BUILT_PRODUCTS_DIR";
      };
      "OBJ_9" = {
         isa = "PBXFileReference";
         path = "KSAVPlayer.swift";
         sourceTree = "<group>";
      };
   };
   rootObject = "OBJ_1";
}
