// !$*UTF8*$!
{
	archiveVersion = 1;
	classes = {
	};
	objectVersion = 52;
	objects = {

/* Begin PBXBuildFile section */
		742B192AE6FEDB695DB74ECC /* Pods_demo_SwiftUI.framework in Frameworks */ = {isa = PBXBuildFile; fileRef = A916B97364EEC23A950C4A26 /* Pods_demo_SwiftUI.framework */; };
		AC752B752400301400A127BF /* AppDelegate.swift in Sources */ = {isa = PBXBuildFile; fileRef = AC752B742400301400A127BF /* AppDelegate.swift */; };
		AC752B772400301400A127BF /* SceneDelegate.swift in Sources */ = {isa = PBXBuildFile; fileRef = AC752B762400301400A127BF /* SceneDelegate.swift */; };
		AC752B792400301400A127BF /* ContentView.swift in Sources */ = {isa = PBXBuildFile; fileRef = AC752B782400301400A127BF /* ContentView.swift */; };
		AC752B7B2400301500A127BF /* Assets.xcassets in Resources */ = {isa = PBXBuildFile; fileRef = AC752B7A2400301500A127BF /* Assets.xcassets */; };
		AC752B7E2400301500A127BF /* Preview Assets.xcassets in Resources */ = {isa = PBXBuildFile; fileRef = AC752B7D2400301500A127BF /* Preview Assets.xcassets */; };
		AC752B812400301500A127BF /* LaunchScreen.storyboard in Resources */ = {isa = PBXBuildFile; fileRef = AC752B7F2400301500A127BF /* LaunchScreen.storyboard */; };
/* End PBXBuildFile section */

/* Begin PBXFileReference section */
		14035070310AD64F7894A82B /* Pods-demo-SwiftUI.release.xcconfig */ = {isa = PBXFileReference; includeInIndex = 1; lastKnownFileType = text.xcconfig; name = "Pods-demo-SwiftUI.release.xcconfig"; path = "Target Support Files/Pods-demo-SwiftUI/Pods-demo-SwiftUI.release.xcconfig"; sourceTree = "<group>"; };
		6CA73F04E2A63367CEF006C8 /* Pods-demo-SwiftUI.debug.xcconfig */ = {isa = PBXFileReference; includeInIndex = 1; lastKnownFileType = text.xcconfig; name = "Pods-demo-SwiftUI.debug.xcconfig"; path = "Target Support Files/Pods-demo-SwiftUI/Pods-demo-SwiftUI.debug.xcconfig"; sourceTree = "<group>"; };
		A916B97364EEC23A950C4A26 /* Pods_demo_SwiftUI.framework */ = {isa = PBXFileReference; explicitFileType = wrapper.framework; includeInIndex = 0; path = Pods_demo_SwiftUI.framework; sourceTree = BUILT_PRODUCTS_DIR; };
		AC752B712400301400A127BF /* demo-SwiftUI.app */ = {isa = PBXFileReference; explicitFileType = wrapper.application; includeInIndex = 0; path = "demo-SwiftUI.app"; sourceTree = BUILT_PRODUCTS_DIR; };
		AC752B742400301400A127BF /* AppDelegate.swift */ = {isa = PBXFileReference; lastKnownFileType = sourcecode.swift; path = AppDelegate.swift; sourceTree = "<group>"; };
		AC752B762400301400A127BF /* SceneDelegate.swift */ = {isa = PBXFileReference; lastKnownFileType = sourcecode.swift; path = SceneDelegate.swift; sourceTree = "<group>"; };
		AC752B782400301400A127BF /* ContentView.swift */ = {isa = PBXFileReference; lastKnownFileType = sourcecode.swift; path = ContentView.swift; sourceTree = "<group>"; };
		AC752B7A2400301500A127BF /* Assets.xcassets */ = {isa = PBXFileReference; lastKnownFileType = folder.assetcatalog; path = Assets.xcassets; sourceTree = "<group>"; };
		AC752B7D2400301500A127BF /* Preview Assets.xcassets */ = {isa = PBXFileReference; lastKnownFileType = folder.assetcatalog; path = "Preview Assets.xcassets"; sourceTree = "<group>"; };
		AC752B802400301500A127BF /* Base */ = {isa = PBXFileReference; lastKnownFileType = file.storyboard; name = Base; path = Base.lproj/LaunchScreen.storyboard; sourceTree = "<group>"; };
		AC752B822400301500A127BF /* Info.plist */ = {isa = PBXFileReference; lastKnownFileType = text.plist.xml; path = Info.plist; sourceTree = "<group>"; };
		AC752B982400403200A127BF /* demo-SwiftUI.entitlements */ = {isa = PBXFileReference; lastKnownFileType = text.plist.entitlements; path = "demo-SwiftUI.entitlements"; sourceTree = "<group>"; };
/* End PBXFileReference section */

/* Begin PBXFrameworksBuildPhase section */
		AC752B6E2400301400A127BF /* Frameworks */ = {
			isa = PBXFrameworksBuildPhase;
			buildActionMask = 2147483647;
			files = (
				742B192AE6FEDB695DB74ECC /* Pods_demo_SwiftUI.framework in Frameworks */,
			);
			runOnlyForDeploymentPostprocessing = 0;
		};
/* End PBXFrameworksBuildPhase section */

/* Begin PBXGroup section */
		24B0CC8DF03C8B38657A2BBE /* Pods */ = {
			isa = PBXGroup;
			children = (
				6CA73F04E2A63367CEF006C8 /* Pods-demo-SwiftUI.debug.xcconfig */,
				14035070310AD64F7894A82B /* Pods-demo-SwiftUI.release.xcconfig */,
			);
			name = Pods;
			path = ../Pods;
			sourceTree = "<group>";
		};
		59BE0CA2ABC83C5E857CF5F0 /* Frameworks */ = {
			isa = PBXGroup;
			children = (
				A916B97364EEC23A950C4A26 /* Pods_demo_SwiftUI.framework */,
			);
			name = Frameworks;
			sourceTree = "<group>";
		};
		AC752B682400301400A127BF = {
			isa = PBXGroup;
			children = (
				AC752B732400301400A127BF /* demo-SwiftUI */,
				AC752B722400301400A127BF /* Products */,
				24B0CC8DF03C8B38657A2BBE /* Pods */,
				59BE0CA2ABC83C5E857CF5F0 /* Frameworks */,
			);
			sourceTree = "<group>";
		};
		AC752B722400301400A127BF /* Products */ = {
			isa = PBXGroup;
			children = (
				AC752B712400301400A127BF /* demo-SwiftUI.app */,
			);
			name = Products;
			sourceTree = "<group>";
		};
		AC752B732400301400A127BF /* demo-SwiftUI */ = {
			isa = PBXGroup;
			children = (
				AC752B982400403200A127BF /* demo-SwiftUI.entitlements */,
				AC752B742400301400A127BF /* AppDelegate.swift */,
				AC752B762400301400A127BF /* SceneDelegate.swift */,
				AC752B782400301400A127BF /* ContentView.swift */,
				AC752B7A2400301500A127BF /* Assets.xcassets */,
				AC752B7F2400301500A127BF /* LaunchScreen.storyboard */,
				AC752B822400301500A127BF /* Info.plist */,
				AC752B7C2400301500A127BF /* Preview Content */,
			);
			path = "demo-SwiftUI";
			sourceTree = "<group>";
		};
		AC752B7C2400301500A127BF /* Preview Content */ = {
			isa = PBXGroup;
			children = (
				AC752B7D2400301500A127BF /* Preview Assets.xcassets */,
			);
			path = "Preview Content";
			sourceTree = "<group>";
		};
/* End PBXGroup section */

/* Begin PBXNativeTarget section */
		AC752B702400301400A127BF /* demo-SwiftUI */ = {
			isa = PBXNativeTarget;
			buildConfigurationList = AC752B852400301500A127BF /* Build configuration list for PBXNativeTarget "demo-SwiftUI" */;
			buildPhases = (
				5B2C54B8E547A04C03DA435E /* [CP] Check Pods Manifest.lock */,
				113DA3988BE47F8DC548C993 /* [CP] Prepare Artifacts */,
				AC752B6D2400301400A127BF /* Sources */,
				AC752B6E2400301400A127BF /* Frameworks */,
				AC752B6F2400301400A127BF /* Resources */,
				E8913A5BF0C44C21E5482091 /* [CP] Embed Pods Frameworks */,
				5D846D416007F4D02819D804 /* [CP] Copy Pods Resources */,
			);
			buildRules = (
			);
			dependencies = (
			);
			name = "demo-SwiftUI";
			productName = "demo-SwiftUI";
			productReference = AC752B712400301400A127BF /* demo-SwiftUI.app */;
			productType = "com.apple.product-type.application";
		};
/* End PBXNativeTarget section */

/* Begin PBXProject section */
		AC752B692400301400A127BF /* Project object */ = {
			isa = PBXProject;
			attributes = {
				LastSwiftUpdateCheck = 1130;
				LastUpgradeCheck = 1130;
				ORGANIZATIONNAME = kintan;
				TargetAttributes = {
					AC752B702400301400A127BF = {
						CreatedOnToolsVersion = 11.3.1;
					};
				};
			};
			buildConfigurationList = AC752B6C2400301400A127BF /* Build configuration list for PBXProject "demo-SwiftUI" */;
			compatibilityVersion = "Xcode 11.0";
			developmentRegion = en;
			hasScannedForEncodings = 0;
			knownRegions = (
				en,
				Base,
			);
			mainGroup = AC752B682400301400A127BF;
			productRefGroup = AC752B722400301400A127BF /* Products */;
			projectDirPath = "";
			projectRoot = "";
			targets = (
				AC752B702400301400A127BF /* demo-SwiftUI */,
			);
		};
/* End PBXProject section */

/* Begin PBXResourcesBuildPhase section */
		AC752B6F2400301400A127BF /* Resources */ = {
			isa = PBXResourcesBuildPhase;
			buildActionMask = 2147483647;
			files = (
				AC752B812400301500A127BF /* LaunchScreen.storyboard in Resources */,
				AC752B7E2400301500A127BF /* Preview Assets.xcassets in Resources */,
				AC752B7B2400301500A127BF /* Assets.xcassets in Resources */,
			);
			runOnlyForDeploymentPostprocessing = 0;
		};
/* End PBXResourcesBuildPhase section */

/* Begin PBXShellScriptBuildPhase section */
		113DA3988BE47F8DC548C993 /* [CP] Prepare Artifacts */ = {
			isa = PBXShellScriptBuildPhase;
			buildActionMask = 2147483647;
			files = (
			);
			inputFileListPaths = (
				"${PODS_ROOT}/Target Support Files/Pods-demo-SwiftUI/Pods-demo-SwiftUI-artifacts-${CONFIGURATION}-input-files.xcfilelist",
			);
			name = "[CP] Prepare Artifacts";
			outputFileListPaths = (
				"${PODS_ROOT}/Target Support Files/Pods-demo-SwiftUI/Pods-demo-SwiftUI-artifacts-${CONFIGURATION}-output-files.xcfilelist",
			);
			runOnlyForDeploymentPostprocessing = 0;
			shellPath = /bin/sh;
			shellScript = "\"${PODS_ROOT}/Target Support Files/Pods-demo-SwiftUI/Pods-demo-SwiftUI-artifacts.sh\"\n";
			showEnvVarsInLog = 0;
		};
		5B2C54B8E547A04C03DA435E /* [CP] Check Pods Manifest.lock */ = {
			isa = PBXShellScriptBuildPhase;
			buildActionMask = 2147483647;
			files = (
			);
			inputFileListPaths = (
			);
			inputPaths = (
				"${PODS_PODFILE_DIR_PATH}/Podfile.lock",
				"${PODS_ROOT}/Manifest.lock",
			);
			name = "[CP] Check Pods Manifest.lock";
			outputFileListPaths = (
			);
			outputPaths = (
				"$(DERIVED_FILE_DIR)/Pods-demo-SwiftUI-checkManifestLockResult.txt",
			);
			runOnlyForDeploymentPostprocessing = 0;
			shellPath = /bin/sh;
			shellScript = "diff \"${PODS_PODFILE_DIR_PATH}/Podfile.lock\" \"${PODS_ROOT}/Manifest.lock\" > /dev/null\nif [ $? != 0 ] ; then\n    # print error to STDERR\n    echo \"error: The sandbox is not in sync with the Podfile.lock. Run 'pod install' or update your CocoaPods installation.\" >&2\n    exit 1\nfi\n# This output is used by Xcode 'outputs' to avoid re-running this script phase.\necho \"SUCCESS\" > \"${SCRIPT_OUTPUT_FILE_0}\"\n";
			showEnvVarsInLog = 0;
		};
		5D846D416007F4D02819D804 /* [CP] Copy Pods Resources */ = {
			isa = PBXShellScriptBuildPhase;
			buildActionMask = 2147483647;
			files = (
			);
			inputFileListPaths = (
				"${PODS_ROOT}/Target Support Files/Pods-demo-SwiftUI/Pods-demo-SwiftUI-resources-${CONFIGURATION}-input-files.xcfilelist",
			);
			name = "[CP] Copy Pods Resources";
			outputFileListPaths = (
				"${PODS_ROOT}/Target Support Files/Pods-demo-SwiftUI/Pods-demo-SwiftUI-resources-${CONFIGURATION}-output-files.xcfilelist",
			);
			runOnlyForDeploymentPostprocessing = 0;
			shellPath = /bin/sh;
			shellScript = "\"${PODS_ROOT}/Target Support Files/Pods-demo-SwiftUI/Pods-demo-SwiftUI-resources.sh\"\n";
			showEnvVarsInLog = 0;
		};
		E8913A5BF0C44C21E5482091 /* [CP] Embed Pods Frameworks */ = {
			isa = PBXShellScriptBuildPhase;
			buildActionMask = 2147483647;
			files = (
			);
			inputFileListPaths = (
				"${PODS_ROOT}/Target Support Files/Pods-demo-SwiftUI/Pods-demo-SwiftUI-frameworks-${CONFIGURATION}-input-files.xcfilelist",
			);
			name = "[CP] Embed Pods Frameworks";
			outputFileListPaths = (
				"${PODS_ROOT}/Target Support Files/Pods-demo-SwiftUI/Pods-demo-SwiftUI-frameworks-${CONFIGURATION}-output-files.xcfilelist",
			);
			runOnlyForDeploymentPostprocessing = 0;
			shellPath = /bin/sh;
			shellScript = "\"${PODS_ROOT}/Target Support Files/Pods-demo-SwiftUI/Pods-demo-SwiftUI-frameworks.sh\"\n";
			showEnvVarsInLog = 0;
		};
/* End PBXShellScriptBuildPhase section */

/* Begin PBXSourcesBuildPhase section */
		AC752B6D2400301400A127BF /* Sources */ = {
			isa = PBXSourcesBuildPhase;
			buildActionMask = 2147483647;
			files = (
				AC752B752400301400A127BF /* AppDelegate.swift in Sources */,
				AC752B772400301400A127BF /* SceneDelegate.swift in Sources */,
				AC752B792400301400A127BF /* ContentView.swift in Sources */,
			);
			runOnlyForDeploymentPostprocessing = 0;
		};
/* End PBXSourcesBuildPhase section */

/* Begin PBXVariantGroup section */
		AC752B7F2400301500A127BF /* LaunchScreen.storyboard */ = {
			isa = PBXVariantGroup;
			children = (
				AC752B802400301500A127BF /* Base */,
			);
			name = LaunchScreen.storyboard;
			sourceTree = "<group>";
		};
/* End PBXVariantGroup section */

/* Begin XCBuildConfiguration section */
		AC752B832400301500A127BF /* Debug */ = {
			isa = XCBuildConfiguration;
			buildSettings = {
				ALWAYS_SEARCH_USER_PATHS = NO;
				CLANG_ANALYZER_NONNULL = YES;
				CLANG_ANALYZER_NUMBER_OBJECT_CONVERSION = YES_AGGRESSIVE;
				CLANG_CXX_LANGUAGE_STANDARD = "gnu++14";
				CLANG_CXX_LIBRARY = "libc++";
				CLANG_ENABLE_MODULES = YES;
				CLANG_ENABLE_OBJC_ARC = YES;
				CLANG_ENABLE_OBJC_WEAK = YES;
				CLANG_WARN_BLOCK_CAPTURE_AUTORELEASING = YES;
				CLANG_WARN_BOOL_CONVERSION = YES;
				CLANG_WARN_COMMA = YES;
				CLANG_WARN_CONSTANT_CONVERSION = YES;
				CLANG_WARN_DEPRECATED_OBJC_IMPLEMENTATIONS = YES;
				CLANG_WARN_DIRECT_OBJC_ISA_USAGE = YES_ERROR;
				CLANG_WARN_DOCUMENTATION_COMMENTS = YES;
				CLANG_WARN_EMPTY_BODY = YES;
				CLANG_WARN_ENUM_CONVERSION = YES;
				CLANG_WARN_INFINITE_RECURSION = YES;
				CLANG_WARN_INT_CONVERSION = YES;
				CLANG_WARN_NON_LITERAL_NULL_CONVERSION = YES;
				CLANG_WARN_OBJC_IMPLICIT_RETAIN_SELF = YES;
				CLANG_WARN_OBJC_LITERAL_CONVERSION = YES;
				CLANG_WARN_OBJC_ROOT_CLASS = YES_ERROR;
				CLANG_WARN_RANGE_LOOP_ANALYSIS = YES;
				CLANG_WARN_STRICT_PROTOTYPES = YES;
				CLANG_WARN_SUSPICIOUS_MOVE = YES;
				CLANG_WARN_UNGUARDED_AVAILABILITY = YES_AGGRESSIVE;
				CLANG_WARN_UNREACHABLE_CODE = YES;
				CLANG_WARN__DUPLICATE_METHOD_MATCH = YES;
				COPY_PHASE_STRIP = NO;
				DEBUG_INFORMATION_FORMAT = dwarf;
				ENABLE_STRICT_OBJC_MSGSEND = YES;
				ENABLE_TESTABILITY = YES;
				GCC_C_LANGUAGE_STANDARD = gnu11;
				GCC_DYNAMIC_NO_PIC = NO;
				GCC_NO_COMMON_BLOCKS = YES;
				GCC_OPTIMIZATION_LEVEL = 0;
				GCC_PREPROCESSOR_DEFINITIONS = (
					"DEBUG=1",
					"$(inherited)",
				);
				GCC_WARN_64_TO_32_BIT_CONVERSION = YES;
				GCC_WARN_ABOUT_RETURN_TYPE = YES_ERROR;
				GCC_WARN_UNDECLARED_SELECTOR = YES;
				GCC_WARN_UNINITIALIZED_AUTOS = YES_AGGRESSIVE;
				GCC_WARN_UNUSED_FUNCTION = YES;
				GCC_WARN_UNUSED_VARIABLE = YES;
				IPHONEOS_DEPLOYMENT_TARGET = 13.2;
				MTL_ENABLE_DEBUG_INFO = INCLUDE_SOURCE;
				MTL_FAST_MATH = YES;
				ONLY_ACTIVE_ARCH = YES;
				SDKROOT = iphoneos;
				SWIFT_ACTIVE_COMPILATION_CONDITIONS = DEBUG;
				SWIFT_OPTIMIZATION_LEVEL = "-Onone";
			};
			name = Debug;
		};
		AC752B842400301500A127BF /* Release */ = {
			isa = XCBuildConfiguration;
			buildSettings = {
				ALWAYS_SEARCH_USER_PATHS = NO;
				CLANG_ANALYZER_NONNULL = YES;
				CLANG_ANALYZER_NUMBER_OBJECT_CONVERSION = YES_AGGRESSIVE;
				CLANG_CXX_LANGUAGE_STANDARD = "gnu++14";
				CLANG_CXX_LIBRARY = "libc++";
				CLANG_ENABLE_MODULES = YES;
				CLANG_ENABLE_OBJC_ARC = YES;
				CLANG_ENABLE_OBJC_WEAK = YES;
				CLANG_WARN_BLOCK_CAPTURE_AUTORELEASING = YES;
				CLANG_WARN_BOOL_CONVERSION = YES;
				CLANG_WARN_COMMA = YES;
				CLANG_WARN_CONSTANT_CONVERSION = YES;
				CLANG_WARN_DEPRECATED_OBJC_IMPLEMENTATIONS = YES;
				CLANG_WARN_DIRECT_OBJC_ISA_USAGE = YES_ERROR;
				CLANG_WARN_DOCUMENTATION_COMMENTS = YES;
				CLANG_WARN_EMPTY_BODY = YES;
				CLANG_WARN_ENUM_CONVERSION = YES;
				CLANG_WARN_INFINITE_RECURSION = YES;
				CLANG_WARN_INT_CONVERSION = YES;
				CLANG_WARN_NON_LITERAL_NULL_CONVERSION = YES;
				CLANG_WARN_OBJC_IMPLICIT_RETAIN_SELF = YES;
				CLANG_WARN_OBJC_LITERAL_CONVERSION = YES;
				CLANG_WARN_OBJC_ROOT_CLASS = YES_ERROR;
				CLANG_WARN_RANGE_LOOP_ANALYSIS = YES;
				CLANG_WARN_STRICT_PROTOTYPES = YES;
				CLANG_WARN_SUSPICIOUS_MOVE = YES;
				CLANG_WARN_UNGUARDED_AVAILABILITY = YES_AGGRESSIVE;
				CLANG_WARN_UNREACHABLE_CODE = YES;
				CLANG_WARN__DUPLICATE_METHOD_MATCH = YES;
				COPY_PHASE_STRIP = NO;
				DEBUG_INFORMATION_FORMAT = "dwarf-with-dsym";
				ENABLE_NS_ASSERTIONS = NO;
				ENABLE_STRICT_OBJC_MSGSEND = YES;
				GCC_C_LANGUAGE_STANDARD = gnu11;
				GCC_NO_COMMON_BLOCKS = YES;
				GCC_WARN_64_TO_32_BIT_CONVERSION = YES;
				GCC_WARN_ABOUT_RETURN_TYPE = YES_ERROR;
				GCC_WARN_UNDECLARED_SELECTOR = YES;
				GCC_WARN_UNINITIALIZED_AUTOS = YES_AGGRESSIVE;
				GCC_WARN_UNUSED_FUNCTION = YES;
				GCC_WARN_UNUSED_VARIABLE = YES;
				IPHONEOS_DEPLOYMENT_TARGET = 13.2;
				MTL_ENABLE_DEBUG_INFO = NO;
				MTL_FAST_MATH = YES;
				SDKROOT = iphoneos;
				SWIFT_COMPILATION_MODE = wholemodule;
				SWIFT_OPTIMIZATION_LEVEL = "-O";
				VALIDATE_PRODUCT = YES;
			};
			name = Release;
		};
		AC752B862400301500A127BF /* Debug */ = {
			isa = XCBuildConfiguration;
			baseConfigurationReference = 6CA73F04E2A63367CEF006C8 /* Pods-demo-SwiftUI.debug.xcconfig */;
			buildSettings = {
				ASSETCATALOG_COMPILER_APPICON_NAME = AppIcon;
				CODE_SIGN_ENTITLEMENTS = "demo-SwiftUI/demo-SwiftUI.entitlements";
				"CODE_SIGN_IDENTITY[sdk=macosx*]" = "-";
				CODE_SIGN_STYLE = Automatic;
				DERIVE_MACCATALYST_PRODUCT_BUNDLE_IDENTIFIER = YES;
				DEVELOPMENT_ASSET_PATHS = "\"demo-SwiftUI/Preview Content\"";
				DEVELOPMENT_TEAM = "";
				ENABLE_PREVIEWS = YES;
				INFOPLIST_FILE = "demo-SwiftUI/Info.plist";
				LD_RUNPATH_SEARCH_PATHS = (
					"$(inherited)",
					"@executable_path/Frameworks",
				);
				PRODUCT_BUNDLE_IDENTIFIER = "kintan.demo-SwiftUI";
				PRODUCT_NAME = "$(TARGET_NAME)";
				SUPPORTS_MACCATALYST = YES;
				SWIFT_VERSION = 5.0;
				TARGETED_DEVICE_FAMILY = "1,2";
			};
			name = Debug;
		};
		AC752B872400301500A127BF /* Release */ = {
			isa = XCBuildConfiguration;
			baseConfigurationReference = 14035070310AD64F7894A82B /* Pods-demo-SwiftUI.release.xcconfig */;
			buildSettings = {
				ASSETCATALOG_COMPILER_APPICON_NAME = AppIcon;
				CODE_SIGN_ENTITLEMENTS = "demo-SwiftUI/demo-SwiftUI.entitlements";
				"CODE_SIGN_IDENTITY[sdk=macosx*]" = "-";
				CODE_SIGN_STYLE = Automatic;
				DERIVE_MACCATALYST_PRODUCT_BUNDLE_IDENTIFIER = YES;
				DEVELOPMENT_ASSET_PATHS = "\"demo-SwiftUI/Preview Content\"";
				DEVELOPMENT_TEAM = "";
				ENABLE_PREVIEWS = YES;
				INFOPLIST_FILE = "demo-SwiftUI/Info.plist";
				LD_RUNPATH_SEARCH_PATHS = (
					"$(inherited)",
					"@executable_path/Frameworks",
				);
				PRODUCT_BUNDLE_IDENTIFIER = "kintan.demo-SwiftUI";
				PRODUCT_NAME = "$(TARGET_NAME)";
				SUPPORTS_MACCATALYST = YES;
				SWIFT_VERSION = 5.0;
				TARGETED_DEVICE_FAMILY = "1,2";
			};
			name = Release;
		};
/* End XCBuildConfiguration section */

/* Begin XCConfigurationList section */
		AC752B6C2400301400A127BF /* Build configuration list for PBXProject "demo-SwiftUI" */ = {
			isa = XCConfigurationList;
			buildConfigurations = (
				AC752B832400301500A127BF /* Debug */,
				AC752B842400301500A127BF /* Release */,
			);
			defaultConfigurationIsVisible = 0;
			defaultConfigurationName = Release;
		};
		AC752B852400301500A127BF /* Build configuration list for PBXNativeTarget "demo-SwiftUI" */ = {
			isa = XCConfigurationList;
			buildConfigurations = (
				AC752B862400301500A127BF /* Debug */,
				AC752B872400301500A127BF /* Release */,
			);
			defaultConfigurationIsVisible = 0;
			defaultConfigurationName = Release;
		};
/* End XCConfigurationList section */
	};
	rootObject = AC752B692400301400A127BF /* Project object */;
}
