{
  "pins" : [
    {
      "identity" : "ffmpegkit",
      "kind" : "remoteSourceControl",
      "location" : "https://github.com/kingslay/FFmpegKit.git",
      "state" : {
        "revision" : "95a519781942629a1f46c1089c655070b9f0b5e9",
        "version" : "6.0.0"
      }
    }
  ],
  "version" : 2
}
